<?xml version="1.0" encoding="utf-8"?>
<Project ToolsVersion="4.0" xmlns="http://schemas.microsoft.com/developer/msbuild/2003">
  <ItemGroup>
    <Filter Include="Source Files">
      <UniqueIdentifier>{8CBE0A05-2920-4EC6-B94B-696757EC983F}</UniqueIdentifier>
    </Filter>
    <Filter Include="Public Headers">
      <UniqueIdentifier>{C4D61D3F-A3A1-4CDF-97EB-C046D9E26470}</UniqueIdentifier>
    </Filter>
  </ItemGroup>
  <ItemGroup>
    <ClInclude Include="$(SolutionDir)ECS\src\Pch_ECS.h">
      <Filter>Source Files</Filter>
    </ClInclude>
    <ClInclude Include="$(SolutionDir)ECS\include\ECS\Component.h">
      <Filter>Public Headers</Filter>
    </ClInclude>
    <ClInclude Include="$(SolutionDir)ECS\include\ECS\ComponentEvent.h">
      <Filter>Public Headers</Filter>
    </ClInclude>
    <ClInclude Include="$(SolutionDir)ECS\include\ECS\ComponentRegistry.h">
      <Filter>Public Headers</Filter>
    </ClInclude>
    <ClInclude Include="$(SolutionDir)ECS\include\ECS\DependencyGraph.h">
      <Filter>Public Headers</Filter>
    </ClInclude>
    <ClInclude Include="$(SolutionDir)ECS\include\ECS\Entity.h">
      <Filter>Public Headers</Filter>
    </ClInclude>
  </ItemGroup>
  <ItemGroup>
    <ClCompile Include="$(SolutionDir)ECS\src\Component.cpp">
      <Filter>Source Files</Filter>
    </ClCompile>
    <ClCompile Include="$(SolutionDir)ECS\src\ComponentEvent.cpp">
      <Filter>Source Files</Filter>
    </ClCompile>
    <ClCompile Include="$(SolutionDir)ECS\src\ComponentRegistry.cpp">
      <Filter>Source Files</Filter>
    </ClCompile>
    <ClCompile Include="$(SolutionDir)ECS\src\DependencyGraph.cpp">
      <Filter>Source Files</Filter>
    </ClCompile>
    <ClCompile Include="$(SolutionDir)ECS\src\Entity.cpp">
      <Filter>Source Files</Filter>
    </ClCompile>
    <ClCompile Include="$(SolutionDir)ECS\src\Pch_ECS.cpp">
      <Filter>Source Files</Filter>
    </ClCompile>
  </ItemGroup>
</Project>