<?xml version="1.0" ?>
<Project ToolsVersion="4.0" xmlns="http://schemas.microsoft.com/developer/msbuild/2003">
  <ItemGroup>
    <Filter Include="Test Files">
      <UniqueIdentifier>2f2d89d2-4fb1-4cda-a0ff-e01081c68ffe</UniqueIdentifier>
    </Filter>
  </ItemGroup>
  <ItemGroup>
    <ClInclude Include="$(SolutionDir)Filesystem\test\Globals.Android.h">
      <Filter>Test Files</Filter>
    </ClInclude>
  </ItemGroup>
  <ItemGroup>
    <ClCompile Include="$(SolutionDir)Filesystem\test\catch.main.cpp">
      <Filter>Test Files</Filter>
    </ClCompile>
    <ClCompile Include="$(SolutionDir)Filesystem\test\Test_Path.cpp">
      <Filter>Test Files</Filter>
    </ClCompile>
  </ItemGroup>
</Project>
