<?xml version="1.0" ?>
<Project ToolsVersion="4.0" xmlns="http://schemas.microsoft.com/developer/msbuild/2003">
  <ItemGroup>
    <Filter Include="Test Files">
      <UniqueIdentifier>4635f8bf-2553-4997-8aa9-da2992461ceb</UniqueIdentifier>
    </Filter>
  </ItemGroup>
  <ItemGroup/>
  <ItemGroup>
    <ClCompile Include="$(SolutionDir)Utils\test\catch.main.cpp">
      <Filter>Test Files</Filter>
    </ClCompile>
    <ClCompile Include="$(SolutionDir)Utils\test\Test_Graph.cpp">
      <Filter>Test Files</Filter>
    </ClCompile>
    <ClCompile Include="$(SolutionDir)Utils\test\Test_Macro.cpp">
      <Filter>Test Files</Filter>
    </ClCompile>
  </ItemGroup>
</Project>
