<?xml version="1.0" encoding="utf-8"?>
<Project ToolsVersion="4.0" xmlns="http://schemas.microsoft.com/developer/msbuild/2003">
  <ItemGroup>
    <Filter Include="Source Files">
      <UniqueIdentifier>{AD737F43-0BF4-40EB-9637-99F4A2BD3F0B}</UniqueIdentifier>
    </Filter>
    <Filter Include="Source Files\Android">
      <UniqueIdentifier>{C11EAC49-FCC8-4105-98B9-DB74E79B2432}</UniqueIdentifier>
    </Filter>
    <Filter Include="Public Headers">
      <UniqueIdentifier>{B93ADC5D-B0B9-4201-BEB0-879AF7937277}</UniqueIdentifier>
    </Filter>
  </ItemGroup>
  <ItemGroup>
    <ClInclude Include="$(SolutionDir)AssetManagement\src\AssetBundle.h">
      <Filter>Source Files</Filter>
    </ClInclude>
    <ClInclude Include="$(SolutionDir)AssetManagement\src\AssetPacked.h">
      <Filter>Source Files</Filter>
    </ClInclude>
    <ClInclude Include="$(SolutionDir)AssetManagement\src\AssetReaderPacked.h">
      <Filter>Source Files</Filter>
    </ClInclude>
    <ClInclude Include="$(SolutionDir)AssetManagement\src\Pch_AssetManagement.h">
      <Filter>Source Files</Filter>
    </ClInclude>
    <ClInclude Include="$(SolutionDir)AssetManagement\src\Android\AssetReaderPacked.Android.h">
      <Filter>Source Files\Android</Filter>
    </ClInclude>
    <ClInclude Include="$(SolutionDir)AssetManagement\include\AssetManagement\Asset.h">
      <Filter>Public Headers</Filter>
    </ClInclude>
    <ClInclude Include="$(SolutionDir)AssetManagement\include\AssetManagement\AssetMetadata.h">
      <Filter>Public Headers</Filter>
    </ClInclude>
    <ClInclude Include="$(SolutionDir)AssetManagement\include\AssetManagement\AssetPacker.h">
      <Filter>Public Headers</Filter>
    </ClInclude>
    <ClInclude Include="$(SolutionDir)AssetManagement\include\AssetManagement\AssetReader.h">
      <Filter>Public Headers</Filter>
    </ClInclude>
    <ClInclude Include="$(SolutionDir)AssetManagement\include\AssetManagement\AssetUnpacked.h">
      <Filter>Public Headers</Filter>
    </ClInclude>
    <ClInclude Include="$(SolutionDir)AssetManagement\include\AssetManagement\RawData.h">
      <Filter>Public Headers</Filter>
    </ClInclude>
    <ClInclude Include="$(SolutionDir)AssetManagement\include\AssetManagement\RawDataView.h">
      <Filter>Public Headers</Filter>
    </ClInclude>
    <ClInclude Include="$(SolutionDir)AssetManagement\include\AssetManagement\ResourceLoader.h">
      <Filter>Public Headers</Filter>
    </ClInclude>
  </ItemGroup>
  <ItemGroup>
    <ClCompile Include="$(SolutionDir)AssetManagement\src\Asset.cpp">
      <Filter>Source Files</Filter>
    </ClCompile>
    <ClCompile Include="$(SolutionDir)AssetManagement\src\AssetBundle.cpp">
      <Filter>Source Files</Filter>
    </ClCompile>
    <ClCompile Include="$(SolutionDir)AssetManagement\src\AssetManagement.Logger.cpp">
      <Filter>Source Files</Filter>
    </ClCompile>
    <ClCompile Include="$(SolutionDir)AssetManagement\src\AssetMetadata.cpp">
      <Filter>Source Files</Filter>
    </ClCompile>
    <ClCompile Include="$(SolutionDir)AssetManagement\src\AssetPacked.cpp">
      <Filter>Source Files</Filter>
    </ClCompile>
    <ClCompile Include="$(SolutionDir)AssetManagement\src\AssetPacker.cpp">
      <Filter>Source Files</Filter>
    </ClCompile>
    <ClCompile Include="$(SolutionDir)AssetManagement\src\AssetReader.cpp">
      <Filter>Source Files</Filter>
    </ClCompile>
    <ClCompile Include="$(SolutionDir)AssetManagement\src\AssetReaderPacked.cpp">
      <Filter>Source Files</Filter>
    </ClCompile>
    <ClCompile Include="$(SolutionDir)AssetManagement\src\AssetUnpacked.cpp">
      <Filter>Source Files</Filter>
    </ClCompile>
    <ClCompile Include="$(SolutionDir)AssetManagement\src\Pch_AssetManagement.cpp">
      <Filter>Source Files</Filter>
    </ClCompile>
    <ClCompile Include="$(SolutionDir)AssetManagement\src\RawData.cpp">
      <Filter>Source Files</Filter>
    </ClCompile>
    <ClCompile Include="$(SolutionDir)AssetManagement\src\RawDataView.cpp">
      <Filter>Source Files</Filter>
    </ClCompile>
    <ClCompile Include="$(SolutionDir)AssetManagement\src\Android\AssetReaderPacked.Android.cpp">
      <Filter>Source Files\Android</Filter>
    </ClCompile>
    <ClCompile Include="$(SolutionDir)AssetManagement\src\Android\ResourceLoader.Android.cpp">
      <Filter>Source Files\Android</Filter>
    </ClCompile>
  </ItemGroup>
</Project>