<?xml version="1.0" encoding="utf-8"?>
<Project ToolsVersion="4.0" xmlns="http://schemas.microsoft.com/developer/msbuild/2003">
  <ItemGroup>
    <Filter Include="Source Files">
      <UniqueIdentifier>{D04C40DE-5DC0-473D-ABDD-A51162048B3C}</UniqueIdentifier>
    </Filter>
    <Filter Include="Public Headers">
      <UniqueIdentifier>{D7EB9981-A302-4C9B-8910-D2747C91E0DC}</UniqueIdentifier>
    </Filter>
  </ItemGroup>
  <ItemGroup>
    <ClInclude Include="$(SolutionDir)Renderer\include\Renderer\IDrawable.h">
      <Filter>Public Headers</Filter>
    </ClInclude>
    <ClInclude Include="$(SolutionDir)Renderer\include\Renderer\IRenderer.h">
      <Filter>Public Headers</Filter>
    </ClInclude>
    <ClInclude Include="$(SolutionDir)Renderer\include\Renderer\RendererFactory.h">
      <Filter>Public Headers</Filter>
    </ClInclude>
    <ClInclude Include="$(SolutionDir)Renderer\include\Renderer\ShaderInfo.h">
      <Filter>Public Headers</Filter>
    </ClInclude>
    <ClInclude Include="$(SolutionDir)Renderer\include\Renderer\ShaderType.h">
      <Filter>Public Headers</Filter>
    </ClInclude>
  </ItemGroup>
  <ItemGroup>
    <ClCompile Include="$(SolutionDir)Renderer\src\RendererFactory.cpp">
      <Filter>Source Files</Filter>
    </ClCompile>
  </ItemGroup>
</Project>