<?xml version="1.0" encoding="utf-8"?>
<Project ToolsVersion="4.0" xmlns="http://schemas.microsoft.com/developer/msbuild/2003">
  <ItemGroup>
    <Filter Include="Test Files">
      <UniqueIdentifier>{58BE343A-A7C8-4545-9124-B60CAA265209}</UniqueIdentifier>
    </Filter>
  </ItemGroup>
  <ItemGroup>
    <ClInclude Include="$(SolutionDir)Utils\test\catch.globals.h">
      <Filter>Test Files</Filter>
    </ClInclude>
    <ClInclude Include="$(SolutionDir)Utils\test\Pch_Utils_Test.h">
      <Filter>Test Files</Filter>
    </ClInclude>
  </ItemGroup>
  <ItemGroup>
    <ClCompile Include="$(SolutionDir)Utils\test\catch.listener.cpp">
      <Filter>Test Files</Filter>
    </ClCompile>
    <ClCompile Include="$(SolutionDir)Utils\test\catch.main.cpp">
      <Filter>Test Files</Filter>
    </ClCompile>
    <ClCompile Include="$(SolutionDir)Utils\test\Pch_Utils_Test.cpp">
      <Filter>Test Files</Filter>
    </ClCompile>
    <ClCompile Include="$(SolutionDir)Utils\test\Test.StringUtils.cpp">
      <Filter>Test Files</Filter>
    </ClCompile>
    <ClCompile Include="$(SolutionDir)Utils\test\Test_Graph.cpp">
      <Filter>Test Files</Filter>
    </ClCompile>
    <ClCompile Include="$(SolutionDir)Utils\test\Test_Macro.cpp">
      <Filter>Test Files</Filter>
    </ClCompile>
  </ItemGroup>
</Project>