<?xml version="1.0" encoding="utf-8"?>
<Project ToolsVersion="4.0" xmlns="http://schemas.microsoft.com/developer/msbuild/2003">
  <ItemGroup>
    <Filter Include="Source Files">
      <UniqueIdentifier>{CD0E3B38-82FC-4AFF-A617-4F0CB7794856}</UniqueIdentifier>
    </Filter>
  </ItemGroup>
  <ItemGroup />
  <ItemGroup>
    <ClCompile Include="$(SolutionDir)AssetPacker\src\AssetPacker.Logger.cpp">
      <Filter>Source Files</Filter>
    </ClCompile>
    <ClCompile Include="$(SolutionDir)AssetPacker\src\AssetPacker.main.cpp">
      <Filter>Source Files</Filter>
    </ClCompile>
  </ItemGroup>
</Project>