Microsoft Visual Studio Solution File, Format Version 12.00
# Visual Studio Version 16
VisualStudioVersion = 16.0.29102.190
MinimumVisualStudioVersion = 10.0.40219.1
Project("{8BC9CEB8-8B4A-11D0-8D11-00A0C91BC942}") = "Client", "Client\Client.vcxproj", "{285159EE-4F02-422A-8075-0919A2C6B554}"
	ProjectSection(ProjectDependencies) = postProject
		{A8A683F4-6ABF-4310-8069-4C4341CAA6B9} = {A8A683F4-6ABF-4310-8069-4C4341CAA6B9}
	EndProjectSection
EndProject
Project("{8BC9CEB8-8B4A-11D0-8D11-00A0C91BC942}") = "Server", "Server\Server.vcxproj", "{AA744AB9-B1DC-4ECB-9626-1F542E33A0ED}"
	ProjectSection(ProjectDependencies) = postProject
		{A8A683F4-6ABF-4310-8069-4C4341CAA6B9} = {A8A683F4-6ABF-4310-8069-4C4341CAA6B9}
	EndProjectSection
EndProject
Project("{8BC9CEB8-8B4A-11D0-8D11-00A0C91BC942}") = "Networking", "Networking\Networking.vcxproj", "{A8A683F4-6ABF-4310-8069-4C4341CAA6B9}"
EndProject
Project("{8BC9CEB8-8B4A-11D0-8D11-00A0C91BC942}") = "Renderer", "Renderer\Renderer.vcxproj", "{E5C56247-EECA-4F49-80A6-261BE98541C4}"
	ProjectSection(ProjectDependencies) = postProject
		{CE85731A-3AA4-44F2-AAA3-AEB58AF4D5E6} = {CE85731A-3AA4-44F2-AAA3-AEB58AF4D5E6}
		{E24C7ECB-173A-489E-9CC4-0FB97BC1D4D2} = {E24C7ECB-173A-489E-9CC4-0FB97BC1D4D2}
	EndProjectSection
EndProject
Project("{8BC9CEB8-8B4A-11D0-8D11-00A0C91BC942}") = "WindowCreator", "WindowCreator\WindowCreator.vcxproj", "{CE85731A-3AA4-44F2-AAA3-AEB58AF4D5E6}"
EndProject
Project("{8BC9CEB8-8B4A-11D0-8D11-00A0C91BC942}") = "VulkanRenderer", "VulkanRenderer\VulkanRenderer.vcxproj", "{E24C7ECB-173A-489E-9CC4-0FB97BC1D4D2}"
	ProjectSection(ProjectDependencies) = postProject
		{202357B9-0D5E-4C86-94AD-157D3952A2F4} = {202357B9-0D5E-4C86-94AD-157D3952A2F4}
		{CE85731A-3AA4-44F2-AAA3-AEB58AF4D5E6} = {CE85731A-3AA4-44F2-AAA3-AEB58AF4D5E6}
	EndProjectSection
EndProject
Project("{8BC9CEB8-8B4A-11D0-8D11-00A0C91BC942}") = "Editor", "Editor\Editor.vcxproj", "{EB4CB5F1-DEC1-4A96-8A9F-872EBC864BB2}"
EndProject
Project("{2150E333-8FDC-42A3-9474-1A3956D46DE8}") = "ECS", "ECS", "{202357B9-0D5E-4C86-94AD-157D3952A2F4}"
	ProjectSection(SolutionItems) = preProject
		ECS\ECS.projectInfo.json = ECS\ECS.projectInfo.json
	EndProjectSection
EndProject
Project("{888888A0-9F3D-457C-B088-3A5042F75D52}") = "Scripts", "Scripts\Scripts.pyproj", "{56854A45-E2D6-47BB-839A-E313F8FD60CC}"
EndProject
Project("{2150E333-8FDC-42A3-9474-1A3956D46DE8}") = "Tests", "Tests", "{342BC0F7-9CE1-461E-976B-DBE9EF47B1F7}"
EndProject
Project("{8BC9CEB8-8B4A-11D0-8D11-00A0C91BC942}") = "ECS_Test", "Tests\ECS_Test\ECS_Test.vcxproj", "{8A2045C5-438E-4AA1-8181-27628F99E0DD}"
	ProjectSection(ProjectDependencies) = postProject
		{202357B9-0D5E-4C86-94AD-157D3952A2F4} = {202357B9-0D5E-4C86-94AD-157D3952A2F4}
		{BFE50A8B-E672-42A2-B197-3A73C8CB04DD} = {BFE50A8B-E672-42A2-B197-3A73C8CB04DD}
	EndProjectSection
EndProject
Project("{2150E333-8FDC-42A3-9474-1A3956D46DE8}") = "Projects", "Projects", "{68E18708-8B25-4D2D-B4A2-AC8A25BCA20E}"
EndProject
Project("{2150E333-8FDC-42A3-9474-1A3956D46DE8}") = "TestProject", "TestProject", "{D6803CCA-081B-4EF3-A78A-626A5FC649A5}"
EndProject
Project("{2150E333-8FDC-42A3-9474-1A3956D46DE8}") = "Android", "Android", "{57AB0EFB-D6C9-4910-9CA1-04CE2818C301}"
EndProject
Project("{8BC9CEB8-8B4A-11D0-8D11-00A0C91BC942}") = "Projects.TestProject.Android.NativeActivity", "Projects\TestProject\Android\NativeActivity\Projects.TestProject.Android.NativeActivity.vcxproj", "{DD20B9A9-06A4-4546-A4EA-CA57BB127003}"
EndProject
Project("{39E2626F-3545-4960-A6E8-258AD8476CE5}") = "Projects.TestProject.Android.Packaging", "Projects\TestProject\Android\Packaging\Projects.TestProject.Android.Packaging.androidproj", "{5D3ABA21-BE81-4321-A4A1-6C16DC00108C}"
EndProject
Project("{8BC9CEB8-8B4A-11D0-8D11-00A0C91BC942}") = "TestProject.Windows", "Projects\TestProject\Windows\TestProject.Windows.vcxproj", "{2958E22D-9F1C-4652-AE6A-2699B25D9C1A}"
	ProjectSection(ProjectDependencies) = postProject
		{202357B9-0D5E-4C86-94AD-157D3952A2F4} = {202357B9-0D5E-4C86-94AD-157D3952A2F4}
		{CE85731A-3AA4-44F2-AAA3-AEB58AF4D5E6} = {CE85731A-3AA4-44F2-AAA3-AEB58AF4D5E6}
		{E5C56247-EECA-4F49-80A6-261BE98541C4} = {E5C56247-EECA-4F49-80A6-261BE98541C4}
	EndProjectSection
EndProject
Project("{2150E333-8FDC-42A3-9474-1A3956D46DE8}") = "Solution Items", "Solution Items", "{60EE6354-8C70-48C4-9AE0-5CED360DBA9D}"
EndProject
Project("{2150E333-8FDC-42A3-9474-1A3956D46DE8}") = "AssetManagement", "AssetManagement", "{E01B2777-4831-4B7F-88B7-C8CA0DF67C28}"
	ProjectSection(SolutionItems) = preProject
		AssetManagement\AssetManagement.projectInfo.json = AssetManagement\AssetManagement.projectInfo.json
	EndProjectSection
EndProject
Project("{8BC9CEB8-8B4A-11D0-8D11-00A0C91BC942}") = "AssetManagement.Windows", "AssetManagement\Windows\AssetManagement.Windows.vcxproj", "{D7A91C74-D27B-4DA2-B5F3-423CCB5C0ACA}"
	ProjectSection(ProjectDependencies) = postProject
		{6EA74D44-F93A-445F-885C-5064B3B6EB95} = {6EA74D44-F93A-445F-885C-5064B3B6EB95}
		{BFE50A8B-E672-42A2-B197-3A73C8CB04DD} = {BFE50A8B-E672-42A2-B197-3A73C8CB04DD}
	EndProjectSection
EndProject
Project("{8BC9CEB8-8B4A-11D0-8D11-00A0C91BC942}") = "AssetManagement.Android", "AssetManagement\Android\AssetManagement.Android.vcxproj", "{40B0383C-A83B-4C74-969D-BC02C5B31702}"
	ProjectSection(ProjectDependencies) = postProject
		{2FD12CDA-4779-416C-96F7-8569A3A4E0D7} = {2FD12CDA-4779-416C-96F7-8569A3A4E0D7}
		{E6CB9052-70AF-499A-BE4C-BA3D457FBA96} = {E6CB9052-70AF-499A-BE4C-BA3D457FBA96}
	EndProjectSection
EndProject
Project("{8BC9CEB8-8B4A-11D0-8D11-00A0C91BC942}") = "AssetManagement.Windows.Test", "AssetManagement\Windows.Test\AssetManagement.Windows.Test.vcxproj", "{72DC88B2-2961-48DC-AA07-B672E02DB141}"
	ProjectSection(ProjectDependencies) = postProject
		{D7A91C74-D27B-4DA2-B5F3-423CCB5C0ACA} = {D7A91C74-D27B-4DA2-B5F3-423CCB5C0ACA}
	EndProjectSection
EndProject
Project("{8BC9CEB8-8B4A-11D0-8D11-00A0C91BC942}") = "AssetManagement.Android.Test", "AssetManagement\Android.Test\AssetManagement.Android.Test.vcxproj", "{3E2FAE76-97C7-4032-8992-7C49ACC276A1}"
	ProjectSection(ProjectDependencies) = postProject
		{40B0383C-A83B-4C74-969D-BC02C5B31702} = {40B0383C-A83B-4C74-969D-BC02C5B31702}
	EndProjectSection
EndProject
Project("{2150E333-8FDC-42A3-9474-1A3956D46DE8}") = "Utils", "Utils", "{CF1BA221-11D1-4ACD-B278-A0BC6AB222CB}"
	ProjectSection(SolutionItems) = preProject
		Utils\Utils.projectInfo.json = Utils\Utils.projectInfo.json
	EndProjectSection
EndProject
Project("{8BC9CEB8-8B4A-11D0-8D11-00A0C91BC942}") = "Utils.Android", "Utils\Android\Utils.Android.vcxproj", "{E6CB9052-70AF-499A-BE4C-BA3D457FBA96}"
EndProject
Project("{8BC9CEB8-8B4A-11D0-8D11-00A0C91BC942}") = "Utils.Android.Test", "Utils\Android.Test\Utils.Android.Test.vcxproj", "{2BE311A6-B062-4C5A-96C2-E1CA439DA023}"
	ProjectSection(ProjectDependencies) = postProject
		{E6CB9052-70AF-499A-BE4C-BA3D457FBA96} = {E6CB9052-70AF-499A-BE4C-BA3D457FBA96}
	EndProjectSection
EndProject
Project("{8BC9CEB8-8B4A-11D0-8D11-00A0C91BC942}") = "Utils.Windows", "Utils\Windows\Utils.Windows.vcxproj", "{BFE50A8B-E672-42A2-B197-3A73C8CB04DD}"
EndProject
Project("{8BC9CEB8-8B4A-11D0-8D11-00A0C91BC942}") = "Utils.Windows.Test", "Utils\Windows.Test\Utils.Windows.Test.vcxproj", "{DF53523B-B149-4370-B34B-4B8AB90DA214}"
	ProjectSection(ProjectDependencies) = postProject
		{BFE50A8B-E672-42A2-B197-3A73C8CB04DD} = {BFE50A8B-E672-42A2-B197-3A73C8CB04DD}
	EndProjectSection
EndProject
Project("{39E2626F-3545-4960-A6E8-258AD8476CE5}") = "UtilsAndroidTestApp", "Utils\Android.Test\App\UtilsAndroidTestApp.androidproj", "{FCAD4F59-FCA5-4633-90D3-B06B1F01F86F}"
	ProjectSection(ProjectDependencies) = postProject
		{2BE311A6-B062-4C5A-96C2-E1CA439DA023} = {2BE311A6-B062-4C5A-96C2-E1CA439DA023}
	EndProjectSection
EndProject
Project("{2150E333-8FDC-42A3-9474-1A3956D46DE8}") = "Filesystem", "Filesystem", "{9329BA69-0777-448B-8F3D-F1BE3AF86581}"
	ProjectSection(SolutionItems) = preProject
		Filesystem\Filesystem.projectInfo.json = Filesystem\Filesystem.projectInfo.json
	EndProjectSection
EndProject
Project("{8BC9CEB8-8B4A-11D0-8D11-00A0C91BC942}") = "Filesystem.Windows", "Filesystem\Windows\Filesystem.Windows.vcxproj", "{6EA74D44-F93A-445F-885C-5064B3B6EB95}"
	ProjectSection(ProjectDependencies) = postProject
		{B1CAD26F-1A85-4FE9-B4EB-3CEAE6D37F61} = {B1CAD26F-1A85-4FE9-B4EB-3CEAE6D37F61}
		{BFE50A8B-E672-42A2-B197-3A73C8CB04DD} = {BFE50A8B-E672-42A2-B197-3A73C8CB04DD}
	EndProjectSection
EndProject
Project("{8BC9CEB8-8B4A-11D0-8D11-00A0C91BC942}") = "Filesystem.Windows.Test", "Filesystem\Windows.Test\Filesystem.Windows.Test.vcxproj", "{3E350D19-5CFA-4D04-873A-006E12C2B22E}"
	ProjectSection(ProjectDependencies) = postProject
		{6EA74D44-F93A-445F-885C-5064B3B6EB95} = {6EA74D44-F93A-445F-885C-5064B3B6EB95}
	EndProjectSection
EndProject
Project("{8BC9CEB8-8B4A-11D0-8D11-00A0C91BC942}") = "Filesystem.Android", "Filesystem\Android\Filesystem.Android.vcxproj", "{2FD12CDA-4779-416C-96F7-8569A3A4E0D7}"
	ProjectSection(ProjectDependencies) = postProject
		{E40A887D-FDCE-4CD8-8709-84F066FC3995} = {E40A887D-FDCE-4CD8-8709-84F066FC3995}
		{E6CB9052-70AF-499A-BE4C-BA3D457FBA96} = {E6CB9052-70AF-499A-BE4C-BA3D457FBA96}
	EndProjectSection
EndProject
Project("{8BC9CEB8-8B4A-11D0-8D11-00A0C91BC942}") = "Filesystem.Android.Test", "Filesystem\Android.Test\Filesystem.Android.Test.vcxproj", "{2CF39A63-BD74-435A-9325-C83EDFD7B327}"
	ProjectSection(ProjectDependencies) = postProject
		{2FD12CDA-4779-416C-96F7-8569A3A4E0D7} = {2FD12CDA-4779-416C-96F7-8569A3A4E0D7}
	EndProjectSection
EndProject
Project("{39E2626F-3545-4960-A6E8-258AD8476CE5}") = "FilesystemAndroidTestApp", "Filesystem\Android.Test\App\FilesystemAndroidTestApp.androidproj", "{1E1FA823-CD8F-4FB7-90F5-E3AB6827FC79}"
	ProjectSection(ProjectDependencies) = postProject
		{2CF39A63-BD74-435A-9325-C83EDFD7B327} = {2CF39A63-BD74-435A-9325-C83EDFD7B327}
	EndProjectSection
EndProject
Project("{39E2626F-3545-4960-A6E8-258AD8476CE5}") = "AssetManagementAndroidTestApp", "AssetManagement\Android.Test\App\AssetManagementAndroidTestApp.androidproj", "{9DA7DAC0-025E-484C-BEBA-852EAFC8F59C}"
	ProjectSection(ProjectDependencies) = postProject
		{3E2FAE76-97C7-4032-8992-7C49ACC276A1} = {3E2FAE76-97C7-4032-8992-7C49ACC276A1}
	EndProjectSection
EndProject
Project("{FAE04EC0-301F-11D3-BF4B-00C04F79EFBC}") = "SisyphusVsExtension", "SisyphusVsExtension\SisyphusVsExtension.csproj", "{B1E08AA0-0BDA-4030-8D66-8B38DB67CE78}"
EndProject
Project("{2150E333-8FDC-42A3-9474-1A3956D46DE8}") = "Logger", "Logger", "{DCB7C3DA-FA11-4AA5-9160-BE241BD66B7A}"
	ProjectSection(SolutionItems) = preProject
		Logger\Logger.projectInfo.json = Logger\Logger.projectInfo.json
	EndProjectSection
EndProject
Project("{8BC9CEB8-8B4A-11D0-8D11-00A0C91BC942}") = "Logger.Windows", "Logger\Windows\Logger.Windows.vcxproj", "{B1CAD26F-1A85-4FE9-B4EB-3CEAE6D37F61}"
	ProjectSection(ProjectDependencies) = postProject
		{BFE50A8B-E672-42A2-B197-3A73C8CB04DD} = {BFE50A8B-E672-42A2-B197-3A73C8CB04DD}
	EndProjectSection
EndProject
Project("{8BC9CEB8-8B4A-11D0-8D11-00A0C91BC942}") = "Logger.Android", "Logger\Android\Logger.Android.vcxproj", "{E40A887D-FDCE-4CD8-8709-84F066FC3995}"
	ProjectSection(ProjectDependencies) = postProject
		{E6CB9052-70AF-499A-BE4C-BA3D457FBA96} = {E6CB9052-70AF-499A-BE4C-BA3D457FBA96}
	EndProjectSection
EndProject
Project("{8BC9CEB8-8B4A-11D0-8D11-00A0C91BC942}") = "ECS.Windows", "ECS\Windows\ECS.Windows.vcxproj", "{F0EE9F25-4422-4601-9786-09D04963B4D5}"
	ProjectSection(ProjectDependencies) = postProject
		{B1CAD26F-1A85-4FE9-B4EB-3CEAE6D37F61} = {B1CAD26F-1A85-4FE9-B4EB-3CEAE6D37F61}
		{BFE50A8B-E672-42A2-B197-3A73C8CB04DD} = {BFE50A8B-E672-42A2-B197-3A73C8CB04DD}
	EndProjectSection
EndProject
Project("{8BC9CEB8-8B4A-11D0-8D11-00A0C91BC942}") = "ECS.Windows.Test", "ECS\Windows.Test\ECS.Windows.Test.vcxproj", "{2D2CF54E-643E-4432-BE16-BEC190BC441B}"
	ProjectSection(ProjectDependencies) = postProject
		{F0EE9F25-4422-4601-9786-09D04963B4D5} = {F0EE9F25-4422-4601-9786-09D04963B4D5}
	EndProjectSection
EndProject
Project("{8BC9CEB8-8B4A-11D0-8D11-00A0C91BC942}") = "ECS.Android", "ECS\Android\ECS.Android.vcxproj", "{6E8DA399-2956-443F-B44B-D7EA674BB0AF}"
	ProjectSection(ProjectDependencies) = postProject
		{E40A887D-FDCE-4CD8-8709-84F066FC3995} = {E40A887D-FDCE-4CD8-8709-84F066FC3995}
		{E6CB9052-70AF-499A-BE4C-BA3D457FBA96} = {E6CB9052-70AF-499A-BE4C-BA3D457FBA96}
	EndProjectSection
EndProject
Project("{8BC9CEB8-8B4A-11D0-8D11-00A0C91BC942}") = "ECS.Android.Test", "ECS\Android.Test\ECS.Android.Test.vcxproj", "{5482BC50-9A5A-4672-8719-0FB3F4F18373}"
	ProjectSection(ProjectDependencies) = postProject
		{6E8DA399-2956-443F-B44B-D7EA674BB0AF} = {6E8DA399-2956-443F-B44B-D7EA674BB0AF}
	EndProjectSection
EndProject
Project("{39E2626F-3545-4960-A6E8-258AD8476CE5}") = "ECSAndroidTestApp", "ECS\Android.Test\App\ECSAndroidTestApp.androidproj", "{639547D1-6875-40BE-A53E-97F5D7BE68CC}"
	ProjectSection(ProjectDependencies) = postProject
		{5482BC50-9A5A-4672-8719-0FB3F4F18373} = {5482BC50-9A5A-4672-8719-0FB3F4F18373}
	EndProjectSection
EndProject
Global
	GlobalSection(SolutionConfigurationPlatforms) = preSolution
		Debug|ARM = Debug|ARM
		Debug|ARM64 = Debug|ARM64
		Debug|x64 = Debug|x64
		Release|ARM = Release|ARM
		Release|ARM64 = Release|ARM64
		Release|x64 = Release|x64
	EndGlobalSection
	GlobalSection(ProjectConfigurationPlatforms) = postSolution
		{285159EE-4F02-422A-8075-0919A2C6B554}.Debug|ARM.ActiveCfg = Debug|x64
		{285159EE-4F02-422A-8075-0919A2C6B554}.Debug|ARM64.ActiveCfg = Debug|x64
		{285159EE-4F02-422A-8075-0919A2C6B554}.Debug|x64.ActiveCfg = Debug|x64
		{285159EE-4F02-422A-8075-0919A2C6B554}.Debug|x64.Build.0 = Debug|x64
		{285159EE-4F02-422A-8075-0919A2C6B554}.Release|ARM.ActiveCfg = Release|x64
		{285159EE-4F02-422A-8075-0919A2C6B554}.Release|ARM64.ActiveCfg = Release|x64
		{285159EE-4F02-422A-8075-0919A2C6B554}.Release|x64.ActiveCfg = Release|x64
		{285159EE-4F02-422A-8075-0919A2C6B554}.Release|x64.Build.0 = Release|x64
		{AA744AB9-B1DC-4ECB-9626-1F542E33A0ED}.Debug|ARM.ActiveCfg = Debug|x64
		{AA744AB9-B1DC-4ECB-9626-1F542E33A0ED}.Debug|ARM64.ActiveCfg = Debug|x64
		{AA744AB9-B1DC-4ECB-9626-1F542E33A0ED}.Debug|x64.ActiveCfg = Debug|x64
		{AA744AB9-B1DC-4ECB-9626-1F542E33A0ED}.Debug|x64.Build.0 = Debug|x64
		{AA744AB9-B1DC-4ECB-9626-1F542E33A0ED}.Release|ARM.ActiveCfg = Release|x64
		{AA744AB9-B1DC-4ECB-9626-1F542E33A0ED}.Release|ARM64.ActiveCfg = Release|x64
		{AA744AB9-B1DC-4ECB-9626-1F542E33A0ED}.Release|x64.ActiveCfg = Release|x64
		{AA744AB9-B1DC-4ECB-9626-1F542E33A0ED}.Release|x64.Build.0 = Release|x64
		{A8A683F4-6ABF-4310-8069-4C4341CAA6B9}.Debug|ARM.ActiveCfg = Debug|x64
		{A8A683F4-6ABF-4310-8069-4C4341CAA6B9}.Debug|ARM64.ActiveCfg = Debug|x64
		{A8A683F4-6ABF-4310-8069-4C4341CAA6B9}.Debug|x64.ActiveCfg = Debug|x64
		{A8A683F4-6ABF-4310-8069-4C4341CAA6B9}.Debug|x64.Build.0 = Debug|x64
		{A8A683F4-6ABF-4310-8069-4C4341CAA6B9}.Release|ARM.ActiveCfg = Release|x64
		{A8A683F4-6ABF-4310-8069-4C4341CAA6B9}.Release|ARM64.ActiveCfg = Release|x64
		{A8A683F4-6ABF-4310-8069-4C4341CAA6B9}.Release|x64.ActiveCfg = Release|x64
		{A8A683F4-6ABF-4310-8069-4C4341CAA6B9}.Release|x64.Build.0 = Release|x64
		{E5C56247-EECA-4F49-80A6-261BE98541C4}.Debug|ARM.ActiveCfg = Debug|x64
		{E5C56247-EECA-4F49-80A6-261BE98541C4}.Debug|ARM64.ActiveCfg = Debug|x64
		{E5C56247-EECA-4F49-80A6-261BE98541C4}.Debug|x64.ActiveCfg = Debug|x64
		{E5C56247-EECA-4F49-80A6-261BE98541C4}.Debug|x64.Build.0 = Debug|x64
		{E5C56247-EECA-4F49-80A6-261BE98541C4}.Release|ARM.ActiveCfg = Release|x64
		{E5C56247-EECA-4F49-80A6-261BE98541C4}.Release|ARM64.ActiveCfg = Release|x64
		{E5C56247-EECA-4F49-80A6-261BE98541C4}.Release|x64.ActiveCfg = Release|x64
		{E5C56247-EECA-4F49-80A6-261BE98541C4}.Release|x64.Build.0 = Release|x64
		{CE85731A-3AA4-44F2-AAA3-AEB58AF4D5E6}.Debug|ARM.ActiveCfg = Debug|x64
		{CE85731A-3AA4-44F2-AAA3-AEB58AF4D5E6}.Debug|ARM64.ActiveCfg = Debug|x64
		{CE85731A-3AA4-44F2-AAA3-AEB58AF4D5E6}.Debug|x64.ActiveCfg = Debug|x64
		{CE85731A-3AA4-44F2-AAA3-AEB58AF4D5E6}.Debug|x64.Build.0 = Debug|x64
		{CE85731A-3AA4-44F2-AAA3-AEB58AF4D5E6}.Release|ARM.ActiveCfg = Release|x64
		{CE85731A-3AA4-44F2-AAA3-AEB58AF4D5E6}.Release|ARM64.ActiveCfg = Release|x64
		{CE85731A-3AA4-44F2-AAA3-AEB58AF4D5E6}.Release|x64.ActiveCfg = Release|x64
		{CE85731A-3AA4-44F2-AAA3-AEB58AF4D5E6}.Release|x64.Build.0 = Release|x64
		{E24C7ECB-173A-489E-9CC4-0FB97BC1D4D2}.Debug|ARM.ActiveCfg = Debug|x64
		{E24C7ECB-173A-489E-9CC4-0FB97BC1D4D2}.Debug|ARM64.ActiveCfg = Debug|x64
		{E24C7ECB-173A-489E-9CC4-0FB97BC1D4D2}.Debug|x64.ActiveCfg = Debug|x64
		{E24C7ECB-173A-489E-9CC4-0FB97BC1D4D2}.Debug|x64.Build.0 = Debug|x64
		{E24C7ECB-173A-489E-9CC4-0FB97BC1D4D2}.Release|ARM.ActiveCfg = Release|x64
		{E24C7ECB-173A-489E-9CC4-0FB97BC1D4D2}.Release|ARM64.ActiveCfg = Release|x64
		{E24C7ECB-173A-489E-9CC4-0FB97BC1D4D2}.Release|x64.ActiveCfg = Release|x64
		{E24C7ECB-173A-489E-9CC4-0FB97BC1D4D2}.Release|x64.Build.0 = Release|x64
		{EB4CB5F1-DEC1-4A96-8A9F-872EBC864BB2}.Debug|ARM.ActiveCfg = Debug|x64
		{EB4CB5F1-DEC1-4A96-8A9F-872EBC864BB2}.Debug|ARM64.ActiveCfg = Debug|x64
		{EB4CB5F1-DEC1-4A96-8A9F-872EBC864BB2}.Debug|x64.ActiveCfg = Debug|x64
		{EB4CB5F1-DEC1-4A96-8A9F-872EBC864BB2}.Debug|x64.Build.0 = Debug|x64
		{EB4CB5F1-DEC1-4A96-8A9F-872EBC864BB2}.Release|ARM.ActiveCfg = Release|x64
		{EB4CB5F1-DEC1-4A96-8A9F-872EBC864BB2}.Release|ARM64.ActiveCfg = Release|x64
		{EB4CB5F1-DEC1-4A96-8A9F-872EBC864BB2}.Release|x64.ActiveCfg = Release|x64
		{EB4CB5F1-DEC1-4A96-8A9F-872EBC864BB2}.Release|x64.Build.0 = Release|x64
		{202357B9-0D5E-4C86-94AD-157D3952A2F4}.Debug|ARM.ActiveCfg = Debug|x64
		{202357B9-0D5E-4C86-94AD-157D3952A2F4}.Debug|ARM64.ActiveCfg = Debug|x64
		{202357B9-0D5E-4C86-94AD-157D3952A2F4}.Debug|x64.ActiveCfg = Debug|x64
		{202357B9-0D5E-4C86-94AD-157D3952A2F4}.Debug|x64.Build.0 = Debug|x64
		{202357B9-0D5E-4C86-94AD-157D3952A2F4}.Release|ARM.ActiveCfg = Release|x64
		{202357B9-0D5E-4C86-94AD-157D3952A2F4}.Release|ARM64.ActiveCfg = Release|x64
		{202357B9-0D5E-4C86-94AD-157D3952A2F4}.Release|x64.ActiveCfg = Release|x64
		{202357B9-0D5E-4C86-94AD-157D3952A2F4}.Release|x64.Build.0 = Release|x64
		{56854A45-E2D6-47BB-839A-E313F8FD60CC}.Debug|ARM.ActiveCfg = Debug|Any CPU
		{56854A45-E2D6-47BB-839A-E313F8FD60CC}.Debug|ARM64.ActiveCfg = Debug|Any CPU
		{56854A45-E2D6-47BB-839A-E313F8FD60CC}.Debug|x64.ActiveCfg = Debug|Any CPU
		{56854A45-E2D6-47BB-839A-E313F8FD60CC}.Release|ARM.ActiveCfg = Release|Any CPU
		{56854A45-E2D6-47BB-839A-E313F8FD60CC}.Release|ARM64.ActiveCfg = Release|Any CPU
		{56854A45-E2D6-47BB-839A-E313F8FD60CC}.Release|x64.ActiveCfg = Release|Any CPU
		{8A2045C5-438E-4AA1-8181-27628F99E0DD}.Debug|ARM.ActiveCfg = Debug|x64
		{8A2045C5-438E-4AA1-8181-27628F99E0DD}.Debug|ARM64.ActiveCfg = Debug|x64
		{8A2045C5-438E-4AA1-8181-27628F99E0DD}.Debug|x64.ActiveCfg = Debug|x64
		{8A2045C5-438E-4AA1-8181-27628F99E0DD}.Debug|x64.Build.0 = Debug|x64
		{8A2045C5-438E-4AA1-8181-27628F99E0DD}.Release|ARM.ActiveCfg = Release|x64
		{8A2045C5-438E-4AA1-8181-27628F99E0DD}.Release|ARM64.ActiveCfg = Release|x64
		{8A2045C5-438E-4AA1-8181-27628F99E0DD}.Release|x64.ActiveCfg = Release|x64
		{8A2045C5-438E-4AA1-8181-27628F99E0DD}.Release|x64.Build.0 = Release|x64
		{DD20B9A9-06A4-4546-A4EA-CA57BB127003}.Debug|ARM.ActiveCfg = Debug|ARM
		{DD20B9A9-06A4-4546-A4EA-CA57BB127003}.Debug|ARM.Build.0 = Debug|ARM
		{DD20B9A9-06A4-4546-A4EA-CA57BB127003}.Debug|ARM64.ActiveCfg = Debug|ARM64
		{DD20B9A9-06A4-4546-A4EA-CA57BB127003}.Debug|ARM64.Build.0 = Debug|ARM64
		{DD20B9A9-06A4-4546-A4EA-CA57BB127003}.Debug|x64.ActiveCfg = Debug|ARM
		{DD20B9A9-06A4-4546-A4EA-CA57BB127003}.Release|ARM.ActiveCfg = Release|ARM
		{DD20B9A9-06A4-4546-A4EA-CA57BB127003}.Release|ARM.Build.0 = Release|ARM
		{DD20B9A9-06A4-4546-A4EA-CA57BB127003}.Release|ARM64.ActiveCfg = Release|ARM64
		{DD20B9A9-06A4-4546-A4EA-CA57BB127003}.Release|ARM64.Build.0 = Release|ARM64
		{DD20B9A9-06A4-4546-A4EA-CA57BB127003}.Release|x64.ActiveCfg = Release|ARM
		{5D3ABA21-BE81-4321-A4A1-6C16DC00108C}.Debug|ARM.ActiveCfg = Debug|ARM
		{5D3ABA21-BE81-4321-A4A1-6C16DC00108C}.Debug|ARM.Build.0 = Debug|ARM
		{5D3ABA21-BE81-4321-A4A1-6C16DC00108C}.Debug|ARM64.ActiveCfg = Debug|ARM64
		{5D3ABA21-BE81-4321-A4A1-6C16DC00108C}.Debug|ARM64.Build.0 = Debug|ARM64
		{5D3ABA21-BE81-4321-A4A1-6C16DC00108C}.Debug|x64.ActiveCfg = Debug|x64
		{5D3ABA21-BE81-4321-A4A1-6C16DC00108C}.Debug|x64.Build.0 = Debug|x64
		{5D3ABA21-BE81-4321-A4A1-6C16DC00108C}.Release|ARM.ActiveCfg = Release|ARM
		{5D3ABA21-BE81-4321-A4A1-6C16DC00108C}.Release|ARM.Build.0 = Release|ARM
		{5D3ABA21-BE81-4321-A4A1-6C16DC00108C}.Release|ARM64.ActiveCfg = Release|ARM64
		{5D3ABA21-BE81-4321-A4A1-6C16DC00108C}.Release|ARM64.Build.0 = Release|ARM64
		{5D3ABA21-BE81-4321-A4A1-6C16DC00108C}.Release|x64.ActiveCfg = Release|x64
		{5D3ABA21-BE81-4321-A4A1-6C16DC00108C}.Release|x64.Build.0 = Release|x64
		{2958E22D-9F1C-4652-AE6A-2699B25D9C1A}.Debug|ARM.ActiveCfg = Debug|x64
		{2958E22D-9F1C-4652-AE6A-2699B25D9C1A}.Debug|ARM64.ActiveCfg = Debug|x64
		{2958E22D-9F1C-4652-AE6A-2699B25D9C1A}.Debug|x64.ActiveCfg = Debug|x64
		{2958E22D-9F1C-4652-AE6A-2699B25D9C1A}.Debug|x64.Build.0 = Debug|x64
		{2958E22D-9F1C-4652-AE6A-2699B25D9C1A}.Release|ARM.ActiveCfg = Release|x64
		{2958E22D-9F1C-4652-AE6A-2699B25D9C1A}.Release|ARM64.ActiveCfg = Release|x64
		{2958E22D-9F1C-4652-AE6A-2699B25D9C1A}.Release|x64.ActiveCfg = Release|x64
		{2958E22D-9F1C-4652-AE6A-2699B25D9C1A}.Release|x64.Build.0 = Release|x64
		{D7A91C74-D27B-4DA2-B5F3-423CCB5C0ACA}.Debug|ARM.ActiveCfg = Debug|x64
		{D7A91C74-D27B-4DA2-B5F3-423CCB5C0ACA}.Debug|ARM64.ActiveCfg = Debug|x64
		{D7A91C74-D27B-4DA2-B5F3-423CCB5C0ACA}.Debug|x64.ActiveCfg = Debug|x64
		{D7A91C74-D27B-4DA2-B5F3-423CCB5C0ACA}.Debug|x64.Build.0 = Debug|x64
		{D7A91C74-D27B-4DA2-B5F3-423CCB5C0ACA}.Release|ARM.ActiveCfg = Release|x64
		{D7A91C74-D27B-4DA2-B5F3-423CCB5C0ACA}.Release|ARM64.ActiveCfg = Release|x64
		{D7A91C74-D27B-4DA2-B5F3-423CCB5C0ACA}.Release|x64.ActiveCfg = Release|x64
		{D7A91C74-D27B-4DA2-B5F3-423CCB5C0ACA}.Release|x64.Build.0 = Release|x64
		{40B0383C-A83B-4C74-969D-BC02C5B31702}.Debug|ARM.ActiveCfg = Debug|ARM
		{40B0383C-A83B-4C74-969D-BC02C5B31702}.Debug|ARM.Build.0 = Debug|ARM
		{40B0383C-A83B-4C74-969D-BC02C5B31702}.Debug|ARM64.ActiveCfg = Debug|ARM64
		{40B0383C-A83B-4C74-969D-BC02C5B31702}.Debug|ARM64.Build.0 = Debug|ARM64
		{40B0383C-A83B-4C74-969D-BC02C5B31702}.Debug|x64.ActiveCfg = Debug|ARM
		{40B0383C-A83B-4C74-969D-BC02C5B31702}.Release|ARM.ActiveCfg = Release|ARM
		{40B0383C-A83B-4C74-969D-BC02C5B31702}.Release|ARM.Build.0 = Release|ARM
		{40B0383C-A83B-4C74-969D-BC02C5B31702}.Release|ARM64.ActiveCfg = Release|ARM64
		{40B0383C-A83B-4C74-969D-BC02C5B31702}.Release|ARM64.Build.0 = Release|ARM64
		{40B0383C-A83B-4C74-969D-BC02C5B31702}.Release|x64.ActiveCfg = Release|ARM
		{72DC88B2-2961-48DC-AA07-B672E02DB141}.Debug|ARM.ActiveCfg = Debug|x64
		{72DC88B2-2961-48DC-AA07-B672E02DB141}.Debug|ARM64.ActiveCfg = Debug|x64
		{72DC88B2-2961-48DC-AA07-B672E02DB141}.Debug|x64.ActiveCfg = Debug|x64
		{72DC88B2-2961-48DC-AA07-B672E02DB141}.Debug|x64.Build.0 = Debug|x64
		{72DC88B2-2961-48DC-AA07-B672E02DB141}.Release|ARM.ActiveCfg = Release|x64
		{72DC88B2-2961-48DC-AA07-B672E02DB141}.Release|ARM64.ActiveCfg = Release|x64
		{72DC88B2-2961-48DC-AA07-B672E02DB141}.Release|x64.ActiveCfg = Release|x64
		{72DC88B2-2961-48DC-AA07-B672E02DB141}.Release|x64.Build.0 = Release|x64
		{3E2FAE76-97C7-4032-8992-7C49ACC276A1}.Debug|ARM.ActiveCfg = Debug|ARM
		{3E2FAE76-97C7-4032-8992-7C49ACC276A1}.Debug|ARM.Build.0 = Debug|ARM
		{3E2FAE76-97C7-4032-8992-7C49ACC276A1}.Debug|ARM64.ActiveCfg = Debug|ARM64
		{3E2FAE76-97C7-4032-8992-7C49ACC276A1}.Debug|ARM64.Build.0 = Debug|ARM64
		{3E2FAE76-97C7-4032-8992-7C49ACC276A1}.Debug|x64.ActiveCfg = Debug|ARM
		{3E2FAE76-97C7-4032-8992-7C49ACC276A1}.Release|ARM.ActiveCfg = Release|ARM
		{3E2FAE76-97C7-4032-8992-7C49ACC276A1}.Release|ARM.Build.0 = Release|ARM
		{3E2FAE76-97C7-4032-8992-7C49ACC276A1}.Release|ARM64.ActiveCfg = Release|ARM64
		{3E2FAE76-97C7-4032-8992-7C49ACC276A1}.Release|ARM64.Build.0 = Release|ARM64
		{3E2FAE76-97C7-4032-8992-7C49ACC276A1}.Release|x64.ActiveCfg = Release|ARM
		{E6CB9052-70AF-499A-BE4C-BA3D457FBA96}.Debug|ARM.ActiveCfg = Debug|ARM
		{E6CB9052-70AF-499A-BE4C-BA3D457FBA96}.Debug|ARM.Build.0 = Debug|ARM
		{E6CB9052-70AF-499A-BE4C-BA3D457FBA96}.Debug|ARM64.ActiveCfg = Debug|ARM64
		{E6CB9052-70AF-499A-BE4C-BA3D457FBA96}.Debug|ARM64.Build.0 = Debug|ARM64
		{E6CB9052-70AF-499A-BE4C-BA3D457FBA96}.Debug|x64.ActiveCfg = Debug|ARM
		{E6CB9052-70AF-499A-BE4C-BA3D457FBA96}.Release|ARM.ActiveCfg = Release|ARM
		{E6CB9052-70AF-499A-BE4C-BA3D457FBA96}.Release|ARM.Build.0 = Release|ARM
		{E6CB9052-70AF-499A-BE4C-BA3D457FBA96}.Release|ARM64.ActiveCfg = Release|ARM64
		{E6CB9052-70AF-499A-BE4C-BA3D457FBA96}.Release|ARM64.Build.0 = Release|ARM64
		{E6CB9052-70AF-499A-BE4C-BA3D457FBA96}.Release|x64.ActiveCfg = Release|ARM
		{2BE311A6-B062-4C5A-96C2-E1CA439DA023}.Debug|ARM.ActiveCfg = Debug|ARM
		{2BE311A6-B062-4C5A-96C2-E1CA439DA023}.Debug|ARM.Build.0 = Debug|ARM
		{2BE311A6-B062-4C5A-96C2-E1CA439DA023}.Debug|ARM64.ActiveCfg = Debug|ARM64
		{2BE311A6-B062-4C5A-96C2-E1CA439DA023}.Debug|ARM64.Build.0 = Debug|ARM64
		{2BE311A6-B062-4C5A-96C2-E1CA439DA023}.Debug|x64.ActiveCfg = Debug|ARM
		{2BE311A6-B062-4C5A-96C2-E1CA439DA023}.Release|ARM.ActiveCfg = Release|ARM
		{2BE311A6-B062-4C5A-96C2-E1CA439DA023}.Release|ARM.Build.0 = Release|ARM
		{2BE311A6-B062-4C5A-96C2-E1CA439DA023}.Release|ARM64.ActiveCfg = Release|ARM64
		{2BE311A6-B062-4C5A-96C2-E1CA439DA023}.Release|ARM64.Build.0 = Release|ARM64
		{2BE311A6-B062-4C5A-96C2-E1CA439DA023}.Release|x64.ActiveCfg = Release|ARM
		{BFE50A8B-E672-42A2-B197-3A73C8CB04DD}.Debug|ARM.ActiveCfg = Debug|x64
		{BFE50A8B-E672-42A2-B197-3A73C8CB04DD}.Debug|ARM64.ActiveCfg = Debug|x64
		{BFE50A8B-E672-42A2-B197-3A73C8CB04DD}.Debug|x64.ActiveCfg = Debug|x64
		{BFE50A8B-E672-42A2-B197-3A73C8CB04DD}.Debug|x64.Build.0 = Debug|x64
		{BFE50A8B-E672-42A2-B197-3A73C8CB04DD}.Release|ARM.ActiveCfg = Release|x64
		{BFE50A8B-E672-42A2-B197-3A73C8CB04DD}.Release|ARM64.ActiveCfg = Release|x64
		{BFE50A8B-E672-42A2-B197-3A73C8CB04DD}.Release|x64.ActiveCfg = Release|x64
		{BFE50A8B-E672-42A2-B197-3A73C8CB04DD}.Release|x64.Build.0 = Release|x64
		{DF53523B-B149-4370-B34B-4B8AB90DA214}.Debug|ARM.ActiveCfg = Debug|x64
		{DF53523B-B149-4370-B34B-4B8AB90DA214}.Debug|ARM64.ActiveCfg = Debug|x64
		{DF53523B-B149-4370-B34B-4B8AB90DA214}.Debug|x64.ActiveCfg = Debug|x64
		{DF53523B-B149-4370-B34B-4B8AB90DA214}.Debug|x64.Build.0 = Debug|x64
		{DF53523B-B149-4370-B34B-4B8AB90DA214}.Release|ARM.ActiveCfg = Release|x64
		{DF53523B-B149-4370-B34B-4B8AB90DA214}.Release|ARM64.ActiveCfg = Release|x64
		{DF53523B-B149-4370-B34B-4B8AB90DA214}.Release|x64.ActiveCfg = Release|x64
		{DF53523B-B149-4370-B34B-4B8AB90DA214}.Release|x64.Build.0 = Release|x64
		{FCAD4F59-FCA5-4633-90D3-B06B1F01F86F}.Debug|ARM.ActiveCfg = Debug|ARM
		{FCAD4F59-FCA5-4633-90D3-B06B1F01F86F}.Debug|ARM.Build.0 = Debug|ARM
		{FCAD4F59-FCA5-4633-90D3-B06B1F01F86F}.Debug|ARM.Deploy.0 = Debug|ARM
		{FCAD4F59-FCA5-4633-90D3-B06B1F01F86F}.Debug|ARM64.ActiveCfg = Debug|ARM64
		{FCAD4F59-FCA5-4633-90D3-B06B1F01F86F}.Debug|ARM64.Build.0 = Debug|ARM64
		{FCAD4F59-FCA5-4633-90D3-B06B1F01F86F}.Debug|ARM64.Deploy.0 = Debug|ARM64
		{FCAD4F59-FCA5-4633-90D3-B06B1F01F86F}.Debug|x64.ActiveCfg = Debug|ARM
		{FCAD4F59-FCA5-4633-90D3-B06B1F01F86F}.Release|ARM.ActiveCfg = Release|ARM
		{FCAD4F59-FCA5-4633-90D3-B06B1F01F86F}.Release|ARM.Build.0 = Release|ARM
		{FCAD4F59-FCA5-4633-90D3-B06B1F01F86F}.Release|ARM.Deploy.0 = Release|ARM
		{FCAD4F59-FCA5-4633-90D3-B06B1F01F86F}.Release|ARM64.ActiveCfg = Release|ARM64
		{FCAD4F59-FCA5-4633-90D3-B06B1F01F86F}.Release|ARM64.Build.0 = Release|ARM64
		{FCAD4F59-FCA5-4633-90D3-B06B1F01F86F}.Release|ARM64.Deploy.0 = Release|ARM64
		{FCAD4F59-FCA5-4633-90D3-B06B1F01F86F}.Release|x64.ActiveCfg = Release|ARM
		{6EA74D44-F93A-445F-885C-5064B3B6EB95}.Debug|ARM.ActiveCfg = Debug|x64
		{6EA74D44-F93A-445F-885C-5064B3B6EB95}.Debug|ARM64.ActiveCfg = Debug|x64
		{6EA74D44-F93A-445F-885C-5064B3B6EB95}.Debug|x64.ActiveCfg = Debug|x64
		{6EA74D44-F93A-445F-885C-5064B3B6EB95}.Debug|x64.Build.0 = Debug|x64
		{6EA74D44-F93A-445F-885C-5064B3B6EB95}.Release|ARM.ActiveCfg = Release|x64
		{6EA74D44-F93A-445F-885C-5064B3B6EB95}.Release|ARM64.ActiveCfg = Release|x64
		{6EA74D44-F93A-445F-885C-5064B3B6EB95}.Release|x64.ActiveCfg = Release|x64
		{6EA74D44-F93A-445F-885C-5064B3B6EB95}.Release|x64.Build.0 = Release|x64
		{3E350D19-5CFA-4D04-873A-006E12C2B22E}.Debug|ARM.ActiveCfg = Debug|x64
		{3E350D19-5CFA-4D04-873A-006E12C2B22E}.Debug|ARM64.ActiveCfg = Debug|x64
		{3E350D19-5CFA-4D04-873A-006E12C2B22E}.Debug|x64.ActiveCfg = Debug|x64
		{3E350D19-5CFA-4D04-873A-006E12C2B22E}.Debug|x64.Build.0 = Debug|x64
		{3E350D19-5CFA-4D04-873A-006E12C2B22E}.Release|ARM.ActiveCfg = Release|x64
		{3E350D19-5CFA-4D04-873A-006E12C2B22E}.Release|ARM64.ActiveCfg = Release|x64
		{3E350D19-5CFA-4D04-873A-006E12C2B22E}.Release|x64.ActiveCfg = Release|x64
		{3E350D19-5CFA-4D04-873A-006E12C2B22E}.Release|x64.Build.0 = Release|x64
		{2FD12CDA-4779-416C-96F7-8569A3A4E0D7}.Debug|ARM.ActiveCfg = Debug|ARM
		{2FD12CDA-4779-416C-96F7-8569A3A4E0D7}.Debug|ARM.Build.0 = Debug|ARM
		{2FD12CDA-4779-416C-96F7-8569A3A4E0D7}.Debug|ARM64.ActiveCfg = Debug|ARM64
		{2FD12CDA-4779-416C-96F7-8569A3A4E0D7}.Debug|ARM64.Build.0 = Debug|ARM64
		{2FD12CDA-4779-416C-96F7-8569A3A4E0D7}.Debug|x64.ActiveCfg = Debug|ARM
		{2FD12CDA-4779-416C-96F7-8569A3A4E0D7}.Release|ARM.ActiveCfg = Release|ARM
		{2FD12CDA-4779-416C-96F7-8569A3A4E0D7}.Release|ARM.Build.0 = Release|ARM
		{2FD12CDA-4779-416C-96F7-8569A3A4E0D7}.Release|ARM64.ActiveCfg = Release|ARM64
		{2FD12CDA-4779-416C-96F7-8569A3A4E0D7}.Release|ARM64.Build.0 = Release|ARM64
		{2FD12CDA-4779-416C-96F7-8569A3A4E0D7}.Release|x64.ActiveCfg = Release|ARM
		{2CF39A63-BD74-435A-9325-C83EDFD7B327}.Debug|ARM.ActiveCfg = Debug|ARM
		{2CF39A63-BD74-435A-9325-C83EDFD7B327}.Debug|ARM.Build.0 = Debug|ARM
		{2CF39A63-BD74-435A-9325-C83EDFD7B327}.Debug|ARM64.ActiveCfg = Debug|ARM64
		{2CF39A63-BD74-435A-9325-C83EDFD7B327}.Debug|ARM64.Build.0 = Debug|ARM64
		{2CF39A63-BD74-435A-9325-C83EDFD7B327}.Debug|x64.ActiveCfg = Debug|ARM
		{2CF39A63-BD74-435A-9325-C83EDFD7B327}.Release|ARM.ActiveCfg = Release|ARM
		{2CF39A63-BD74-435A-9325-C83EDFD7B327}.Release|ARM.Build.0 = Release|ARM
		{2CF39A63-BD74-435A-9325-C83EDFD7B327}.Release|ARM64.ActiveCfg = Release|ARM64
		{2CF39A63-BD74-435A-9325-C83EDFD7B327}.Release|ARM64.Build.0 = Release|ARM64
		{2CF39A63-BD74-435A-9325-C83EDFD7B327}.Release|x64.ActiveCfg = Release|ARM
		{1E1FA823-CD8F-4FB7-90F5-E3AB6827FC79}.Debug|ARM.ActiveCfg = Debug|ARM
		{1E1FA823-CD8F-4FB7-90F5-E3AB6827FC79}.Debug|ARM.Build.0 = Debug|ARM
		{1E1FA823-CD8F-4FB7-90F5-E3AB6827FC79}.Debug|ARM.Deploy.0 = Debug|ARM
		{1E1FA823-CD8F-4FB7-90F5-E3AB6827FC79}.Debug|ARM64.ActiveCfg = Debug|ARM64
		{1E1FA823-CD8F-4FB7-90F5-E3AB6827FC79}.Debug|ARM64.Build.0 = Debug|ARM64
		{1E1FA823-CD8F-4FB7-90F5-E3AB6827FC79}.Debug|ARM64.Deploy.0 = Debug|ARM64
		{1E1FA823-CD8F-4FB7-90F5-E3AB6827FC79}.Debug|x64.ActiveCfg = Debug|ARM
		{1E1FA823-CD8F-4FB7-90F5-E3AB6827FC79}.Release|ARM.ActiveCfg = Release|ARM
		{1E1FA823-CD8F-4FB7-90F5-E3AB6827FC79}.Release|ARM.Build.0 = Release|ARM
		{1E1FA823-CD8F-4FB7-90F5-E3AB6827FC79}.Release|ARM.Deploy.0 = Release|ARM
		{1E1FA823-CD8F-4FB7-90F5-E3AB6827FC79}.Release|ARM64.ActiveCfg = Release|ARM64
		{1E1FA823-CD8F-4FB7-90F5-E3AB6827FC79}.Release|ARM64.Build.0 = Release|ARM64
		{1E1FA823-CD8F-4FB7-90F5-E3AB6827FC79}.Release|ARM64.Deploy.0 = Release|ARM64
		{1E1FA823-CD8F-4FB7-90F5-E3AB6827FC79}.Release|x64.ActiveCfg = Release|ARM
		{9DA7DAC0-025E-484C-BEBA-852EAFC8F59C}.Debug|ARM.ActiveCfg = Debug|ARM
		{9DA7DAC0-025E-484C-BEBA-852EAFC8F59C}.Debug|ARM.Build.0 = Debug|ARM
		{9DA7DAC0-025E-484C-BEBA-852EAFC8F59C}.Debug|ARM.Deploy.0 = Debug|ARM
		{9DA7DAC0-025E-484C-BEBA-852EAFC8F59C}.Debug|ARM64.ActiveCfg = Debug|ARM64
		{9DA7DAC0-025E-484C-BEBA-852EAFC8F59C}.Debug|ARM64.Build.0 = Debug|ARM64
		{9DA7DAC0-025E-484C-BEBA-852EAFC8F59C}.Debug|ARM64.Deploy.0 = Debug|ARM64
		{9DA7DAC0-025E-484C-BEBA-852EAFC8F59C}.Debug|x64.ActiveCfg = Debug|ARM
		{9DA7DAC0-025E-484C-BEBA-852EAFC8F59C}.Release|ARM.ActiveCfg = Release|ARM
		{9DA7DAC0-025E-484C-BEBA-852EAFC8F59C}.Release|ARM.Build.0 = Release|ARM
		{9DA7DAC0-025E-484C-BEBA-852EAFC8F59C}.Release|ARM.Deploy.0 = Release|ARM
		{9DA7DAC0-025E-484C-BEBA-852EAFC8F59C}.Release|ARM64.ActiveCfg = Release|ARM64
		{9DA7DAC0-025E-484C-BEBA-852EAFC8F59C}.Release|ARM64.Build.0 = Release|ARM64
		{9DA7DAC0-025E-484C-BEBA-852EAFC8F59C}.Release|ARM64.Deploy.0 = Release|ARM64
		{9DA7DAC0-025E-484C-BEBA-852EAFC8F59C}.Release|x64.ActiveCfg = Release|ARM
		{B1E08AA0-0BDA-4030-8D66-8B38DB67CE78}.Debug|ARM.ActiveCfg = Debug|Any CPU
		{B1E08AA0-0BDA-4030-8D66-8B38DB67CE78}.Debug|ARM.Build.0 = Debug|Any CPU
		{B1E08AA0-0BDA-4030-8D66-8B38DB67CE78}.Debug|ARM64.ActiveCfg = Debug|Any CPU
		{B1E08AA0-0BDA-4030-8D66-8B38DB67CE78}.Debug|ARM64.Build.0 = Debug|Any CPU
		{B1E08AA0-0BDA-4030-8D66-8B38DB67CE78}.Debug|x64.ActiveCfg = Debug|Any CPU
		{B1E08AA0-0BDA-4030-8D66-8B38DB67CE78}.Debug|x64.Build.0 = Debug|Any CPU
		{B1E08AA0-0BDA-4030-8D66-8B38DB67CE78}.Release|ARM.ActiveCfg = Release|Any CPU
		{B1E08AA0-0BDA-4030-8D66-8B38DB67CE78}.Release|ARM.Build.0 = Release|Any CPU
		{B1E08AA0-0BDA-4030-8D66-8B38DB67CE78}.Release|ARM64.ActiveCfg = Release|Any CPU
		{B1E08AA0-0BDA-4030-8D66-8B38DB67CE78}.Release|ARM64.Build.0 = Release|Any CPU
		{B1E08AA0-0BDA-4030-8D66-8B38DB67CE78}.Release|x64.ActiveCfg = Release|Any CPU
		{B1E08AA0-0BDA-4030-8D66-8B38DB67CE78}.Release|x64.Build.0 = Release|Any CPU
		{B1CAD26F-1A85-4FE9-B4EB-3CEAE6D37F61}.Debug|ARM.ActiveCfg = Debug|x64
		{B1CAD26F-1A85-4FE9-B4EB-3CEAE6D37F61}.Debug|ARM64.ActiveCfg = Debug|x64
		{B1CAD26F-1A85-4FE9-B4EB-3CEAE6D37F61}.Debug|x64.ActiveCfg = Debug|x64
		{B1CAD26F-1A85-4FE9-B4EB-3CEAE6D37F61}.Debug|x64.Build.0 = Debug|x64
		{B1CAD26F-1A85-4FE9-B4EB-3CEAE6D37F61}.Release|ARM.ActiveCfg = Release|x64
		{B1CAD26F-1A85-4FE9-B4EB-3CEAE6D37F61}.Release|ARM64.ActiveCfg = Release|x64
		{B1CAD26F-1A85-4FE9-B4EB-3CEAE6D37F61}.Release|x64.ActiveCfg = Release|x64
		{B1CAD26F-1A85-4FE9-B4EB-3CEAE6D37F61}.Release|x64.Build.0 = Release|x64
		{E40A887D-FDCE-4CD8-8709-84F066FC3995}.Debug|ARM.ActiveCfg = Debug|ARM
		{E40A887D-FDCE-4CD8-8709-84F066FC3995}.Debug|ARM.Build.0 = Debug|ARM
		{E40A887D-FDCE-4CD8-8709-84F066FC3995}.Debug|ARM64.ActiveCfg = Debug|ARM64
		{E40A887D-FDCE-4CD8-8709-84F066FC3995}.Debug|ARM64.Build.0 = Debug|ARM64
		{E40A887D-FDCE-4CD8-8709-84F066FC3995}.Debug|x64.ActiveCfg = Debug|ARM
		{E40A887D-FDCE-4CD8-8709-84F066FC3995}.Release|ARM.ActiveCfg = Release|ARM
		{E40A887D-FDCE-4CD8-8709-84F066FC3995}.Release|ARM.Build.0 = Release|ARM
		{E40A887D-FDCE-4CD8-8709-84F066FC3995}.Release|ARM64.ActiveCfg = Release|ARM64
		{E40A887D-FDCE-4CD8-8709-84F066FC3995}.Release|ARM64.Build.0 = Release|ARM64
		{E40A887D-FDCE-4CD8-8709-84F066FC3995}.Release|x64.ActiveCfg = Release|ARM
		{F0EE9F25-4422-4601-9786-09D04963B4D5}.Debug|ARM.ActiveCfg = Debug|x64
		{F0EE9F25-4422-4601-9786-09D04963B4D5}.Debug|ARM64.ActiveCfg = Debug|x64
		{F0EE9F25-4422-4601-9786-09D04963B4D5}.Debug|x64.ActiveCfg = Debug|x64
		{F0EE9F25-4422-4601-9786-09D04963B4D5}.Debug|x64.Build.0 = Debug|x64
		{F0EE9F25-4422-4601-9786-09D04963B4D5}.Release|ARM.ActiveCfg = Release|x64
		{F0EE9F25-4422-4601-9786-09D04963B4D5}.Release|ARM64.ActiveCfg = Release|x64
		{F0EE9F25-4422-4601-9786-09D04963B4D5}.Release|x64.ActiveCfg = Release|x64
		{F0EE9F25-4422-4601-9786-09D04963B4D5}.Release|x64.Build.0 = Release|x64
		{2D2CF54E-643E-4432-BE16-BEC190BC441B}.Debug|ARM.ActiveCfg = Debug|x64
		{2D2CF54E-643E-4432-BE16-BEC190BC441B}.Debug|ARM64.ActiveCfg = Debug|x64
		{2D2CF54E-643E-4432-BE16-BEC190BC441B}.Debug|x64.ActiveCfg = Debug|x64
		{2D2CF54E-643E-4432-BE16-BEC190BC441B}.Debug|x64.Build.0 = Debug|x64
		{2D2CF54E-643E-4432-BE16-BEC190BC441B}.Release|ARM.ActiveCfg = Release|x64
		{2D2CF54E-643E-4432-BE16-BEC190BC441B}.Release|ARM64.ActiveCfg = Release|x64
		{2D2CF54E-643E-4432-BE16-BEC190BC441B}.Release|x64.ActiveCfg = Release|x64
		{2D2CF54E-643E-4432-BE16-BEC190BC441B}.Release|x64.Build.0 = Release|x64
		{6E8DA399-2956-443F-B44B-D7EA674BB0AF}.Debug|ARM.ActiveCfg = Debug|ARM
		{6E8DA399-2956-443F-B44B-D7EA674BB0AF}.Debug|ARM.Build.0 = Debug|ARM
		{6E8DA399-2956-443F-B44B-D7EA674BB0AF}.Debug|ARM64.ActiveCfg = Debug|ARM64
		{6E8DA399-2956-443F-B44B-D7EA674BB0AF}.Debug|ARM64.Build.0 = Debug|ARM64
		{6E8DA399-2956-443F-B44B-D7EA674BB0AF}.Debug|x64.ActiveCfg = Debug|ARM
		{6E8DA399-2956-443F-B44B-D7EA674BB0AF}.Release|ARM.ActiveCfg = Release|ARM
		{6E8DA399-2956-443F-B44B-D7EA674BB0AF}.Release|ARM.Build.0 = Release|ARM
		{6E8DA399-2956-443F-B44B-D7EA674BB0AF}.Release|ARM64.ActiveCfg = Release|ARM64
		{6E8DA399-2956-443F-B44B-D7EA674BB0AF}.Release|ARM64.Build.0 = Release|ARM64
		{6E8DA399-2956-443F-B44B-D7EA674BB0AF}.Release|x64.ActiveCfg = Release|ARM
		{5482BC50-9A5A-4672-8719-0FB3F4F18373}.Debug|ARM.ActiveCfg = Debug|ARM
		{5482BC50-9A5A-4672-8719-0FB3F4F18373}.Debug|ARM.Build.0 = Debug|ARM
		{5482BC50-9A5A-4672-8719-0FB3F4F18373}.Debug|ARM64.ActiveCfg = Debug|ARM64
		{5482BC50-9A5A-4672-8719-0FB3F4F18373}.Debug|ARM64.Build.0 = Debug|ARM64
		{5482BC50-9A5A-4672-8719-0FB3F4F18373}.Debug|x64.ActiveCfg = Debug|ARM
		{5482BC50-9A5A-4672-8719-0FB3F4F18373}.Release|ARM.ActiveCfg = Release|ARM
		{5482BC50-9A5A-4672-8719-0FB3F4F18373}.Release|ARM.Build.0 = Release|ARM
		{5482BC50-9A5A-4672-8719-0FB3F4F18373}.Release|ARM64.ActiveCfg = Release|ARM64
		{5482BC50-9A5A-4672-8719-0FB3F4F18373}.Release|ARM64.Build.0 = Release|ARM64
		{5482BC50-9A5A-4672-8719-0FB3F4F18373}.Release|x64.ActiveCfg = Release|ARM
		{639547D1-6875-40BE-A53E-97F5D7BE68CC}.Debug|ARM.ActiveCfg = Debug|ARM
		{639547D1-6875-40BE-A53E-97F5D7BE68CC}.Debug|ARM.Build.0 = Debug|ARM
		{639547D1-6875-40BE-A53E-97F5D7BE68CC}.Debug|ARM.Deploy.0 = Debug|ARM
		{639547D1-6875-40BE-A53E-97F5D7BE68CC}.Debug|ARM64.ActiveCfg = Debug|ARM64
		{639547D1-6875-40BE-A53E-97F5D7BE68CC}.Debug|ARM64.Build.0 = Debug|ARM64
		{639547D1-6875-40BE-A53E-97F5D7BE68CC}.Debug|ARM64.Deploy.0 = Debug|ARM64
		{639547D1-6875-40BE-A53E-97F5D7BE68CC}.Debug|x64.ActiveCfg = Debug|ARM
		{639547D1-6875-40BE-A53E-97F5D7BE68CC}.Release|ARM.ActiveCfg = Release|ARM
		{639547D1-6875-40BE-A53E-97F5D7BE68CC}.Release|ARM.Build.0 = Release|ARM
		{639547D1-6875-40BE-A53E-97F5D7BE68CC}.Release|ARM.Deploy.0 = Release|ARM
		{639547D1-6875-40BE-A53E-97F5D7BE68CC}.Release|ARM64.ActiveCfg = Release|ARM64
		{639547D1-6875-40BE-A53E-97F5D7BE68CC}.Release|ARM64.Build.0 = Release|ARM64
		{639547D1-6875-40BE-A53E-97F5D7BE68CC}.Release|ARM64.Deploy.0 = Release|ARM64
		{639547D1-6875-40BE-A53E-97F5D7BE68CC}.Release|x64.ActiveCfg = Release|ARM
	EndGlobalSection
	GlobalSection(SolutionProperties) = preSolution
		HideSolutionNode = FALSE
	EndGlobalSection
	GlobalSection(NestedProjects) = preSolution
		{1E1FA823-CD8F-4FB7-90F5-E3AB6827FC79} = {9329BA69-0777-448B-8F3D-F1BE3AF86581}
		{2958E22D-9F1C-4652-AE6A-2699B25D9C1A} = {D6803CCA-081B-4EF3-A78A-626A5FC649A5}
		{2BE311A6-B062-4C5A-96C2-E1CA439DA023} = {CF1BA221-11D1-4ACD-B278-A0BC6AB222CB}
		{2CF39A63-BD74-435A-9325-C83EDFD7B327} = {9329BA69-0777-448B-8F3D-F1BE3AF86581}
		{2D2CF54E-643E-4432-BE16-BEC190BC441B} = {202357B9-0D5E-4C86-94AD-157D3952A2F4}
		{2FD12CDA-4779-416C-96F7-8569A3A4E0D7} = {9329BA69-0777-448B-8F3D-F1BE3AF86581}
		{3E2FAE76-97C7-4032-8992-7C49ACC276A1} = {E01B2777-4831-4B7F-88B7-C8CA0DF67C28}
		{3E350D19-5CFA-4D04-873A-006E12C2B22E} = {9329BA69-0777-448B-8F3D-F1BE3AF86581}
		{40B0383C-A83B-4C74-969D-BC02C5B31702} = {E01B2777-4831-4B7F-88B7-C8CA0DF67C28}
		{5482BC50-9A5A-4672-8719-0FB3F4F18373} = {202357B9-0D5E-4C86-94AD-157D3952A2F4}
		{57AB0EFB-D6C9-4910-9CA1-04CE2818C301} = {D6803CCA-081B-4EF3-A78A-626A5FC649A5}
		{5D3ABA21-BE81-4321-A4A1-6C16DC00108C} = {57AB0EFB-D6C9-4910-9CA1-04CE2818C301}
		{639547D1-6875-40BE-A53E-97F5D7BE68CC} = {202357B9-0D5E-4C86-94AD-157D3952A2F4}
		{6E8DA399-2956-443F-B44B-D7EA674BB0AF} = {202357B9-0D5E-4C86-94AD-157D3952A2F4}
		{6EA74D44-F93A-445F-885C-5064B3B6EB95} = {9329BA69-0777-448B-8F3D-F1BE3AF86581}
		{72DC88B2-2961-48DC-AA07-B672E02DB141} = {E01B2777-4831-4B7F-88B7-C8CA0DF67C28}
		{8A2045C5-438E-4AA1-8181-27628F99E0DD} = {342BC0F7-9CE1-461E-976B-DBE9EF47B1F7}
		{9DA7DAC0-025E-484C-BEBA-852EAFC8F59C} = {E01B2777-4831-4B7F-88B7-C8CA0DF67C28}
		{B1CAD26F-1A85-4FE9-B4EB-3CEAE6D37F61} = {DCB7C3DA-FA11-4AA5-9160-BE241BD66B7A}
		{BFE50A8B-E672-42A2-B197-3A73C8CB04DD} = {CF1BA221-11D1-4ACD-B278-A0BC6AB222CB}
		{D6803CCA-081B-4EF3-A78A-626A5FC649A5} = {68E18708-8B25-4D2D-B4A2-AC8A25BCA20E}
		{D7A91C74-D27B-4DA2-B5F3-423CCB5C0ACA} = {E01B2777-4831-4B7F-88B7-C8CA0DF67C28}
		{DD20B9A9-06A4-4546-A4EA-CA57BB127003} = {57AB0EFB-D6C9-4910-9CA1-04CE2818C301}
		{DF53523B-B149-4370-B34B-4B8AB90DA214} = {CF1BA221-11D1-4ACD-B278-A0BC6AB222CB}
		{E40A887D-FDCE-4CD8-8709-84F066FC3995} = {DCB7C3DA-FA11-4AA5-9160-BE241BD66B7A}
		{E6CB9052-70AF-499A-BE4C-BA3D457FBA96} = {CF1BA221-11D1-4ACD-B278-A0BC6AB222CB}
		{F0EE9F25-4422-4601-9786-09D04963B4D5} = {202357B9-0D5E-4C86-94AD-157D3952A2F4}
		{FCAD4F59-FCA5-4633-90D3-B06B1F01F86F} = {CF1BA221-11D1-4ACD-B278-A0BC6AB222CB}
	EndGlobalSection
	GlobalSection(ExtensibilityGlobals) = postSolution
		SolutionGuid = {5E34F41A-326D-4259-A2C1-709074130C1B}
	EndGlobalSection
EndGlobal
