
Microsoft Visual Studio Solution File, Format Version 12.00
# Visual Studio Version 16
VisualStudioVersion = 16.0.29102.190
MinimumVisualStudioVersion = 10.0.40219.1
Project("{8BC9CEB8-8B4A-11D0-8D11-00A0C91BC942}") = "Client", "Client\Client.vcxproj", "{285159EE-4F02-422A-8075-0919A2C6B554}"
	ProjectSection(ProjectDependencies) = postProject
		{A8A683F4-6ABF-4310-8069-4C4341CAA6B9} = {A8A683F4-6ABF-4310-8069-4C4341CAA6B9}
	EndProjectSection
EndProject
Project("{8BC9CEB8-8B4A-11D0-8D11-00A0C91BC942}") = "Server", "Server\Server.vcxproj", "{AA744AB9-B1DC-4ECB-9626-1F542E33A0ED}"
	ProjectSection(ProjectDependencies) = postProject
		{A8A683F4-6ABF-4310-8069-4C4341CAA6B9} = {A8A683F4-6ABF-4310-8069-4C4341CAA6B9}
	EndProjectSection
EndProject
Project("{8BC9CEB8-8B4A-11D0-8D11-00A0C91BC942}") = "Networking", "Networking\Networking.vcxproj", "{A8A683F4-6ABF-4310-8069-4C4341CAA6B9}"
EndProject
Project("{8BC9CEB8-8B4A-11D0-8D11-00A0C91BC942}") = "Renderer", "Renderer\Renderer.vcxproj", "{E5C56247-EECA-4F49-80A6-261BE98541C4}"
	ProjectSection(ProjectDependencies) = postProject
		{CE85731A-3AA4-44F2-AAA3-AEB58AF4D5E6} = {CE85731A-3AA4-44F2-AAA3-AEB58AF4D5E6}
		{CBB89831-0AA2-4C01-A866-11E0344BD80B} = {CBB89831-0AA2-4C01-A866-11E0344BD80B}
		{C32D033F-1533-4D6B-92B9-1DDA3623CFD9} = {C32D033F-1533-4D6B-92B9-1DDA3623CFD9}
		{E24C7ECB-173A-489E-9CC4-0FB97BC1D4D2} = {E24C7ECB-173A-489E-9CC4-0FB97BC1D4D2}
	EndProjectSection
EndProject
Project("{8BC9CEB8-8B4A-11D0-8D11-00A0C91BC942}") = "WindowCreator", "WindowCreator\WindowCreator.vcxproj", "{CE85731A-3AA4-44F2-AAA3-AEB58AF4D5E6}"
	ProjectSection(ProjectDependencies) = postProject
		{C32D033F-1533-4D6B-92B9-1DDA3623CFD9} = {C32D033F-1533-4D6B-92B9-1DDA3623CFD9}
	EndProjectSection
EndProject
Project("{8BC9CEB8-8B4A-11D0-8D11-00A0C91BC942}") = "Utils", "Utils\Utils.vcxproj", "{C32D033F-1533-4D6B-92B9-1DDA3623CFD9}"
EndProject
Project("{8BC9CEB8-8B4A-11D0-8D11-00A0C91BC942}") = "VulkanRenderer", "VulkanRenderer\VulkanRenderer.vcxproj", "{E24C7ECB-173A-489E-9CC4-0FB97BC1D4D2}"
	ProjectSection(ProjectDependencies) = postProject
		{CE85731A-3AA4-44F2-AAA3-AEB58AF4D5E6} = {CE85731A-3AA4-44F2-AAA3-AEB58AF4D5E6}
		{C32D033F-1533-4D6B-92B9-1DDA3623CFD9} = {C32D033F-1533-4D6B-92B9-1DDA3623CFD9}
		{202357B9-0D5E-4C86-94AD-157D3952A2F4} = {202357B9-0D5E-4C86-94AD-157D3952A2F4}
	EndProjectSection
EndProject
Project("{8BC9CEB8-8B4A-11D0-8D11-00A0C91BC942}") = "AssetManagement", "AssetManagement\AssetManagement.vcxproj", "{CBB89831-0AA2-4C01-A866-11E0344BD80B}"
	ProjectSection(ProjectDependencies) = postProject
		{C32D033F-1533-4D6B-92B9-1DDA3623CFD9} = {C32D033F-1533-4D6B-92B9-1DDA3623CFD9}
	EndProjectSection
EndProject
Project("{8BC9CEB8-8B4A-11D0-8D11-00A0C91BC942}") = "Editor", "Editor\Editor.vcxproj", "{EB4CB5F1-DEC1-4A96-8A9F-872EBC864BB2}"
	ProjectSection(ProjectDependencies) = postProject
		{CBB89831-0AA2-4C01-A866-11E0344BD80B} = {CBB89831-0AA2-4C01-A866-11E0344BD80B}
	EndProjectSection
EndProject
Project("{8BC9CEB8-8B4A-11D0-8D11-00A0C91BC942}") = "ECS", "ECS\ECS.vcxproj", "{202357B9-0D5E-4C86-94AD-157D3952A2F4}"
	ProjectSection(ProjectDependencies) = postProject
		{C32D033F-1533-4D6B-92B9-1DDA3623CFD9} = {C32D033F-1533-4D6B-92B9-1DDA3623CFD9}
	EndProjectSection
EndProject
Project("{888888A0-9F3D-457C-B088-3A5042F75D52}") = "Scripts", "Scripts\Scripts.pyproj", "{56854A45-E2D6-47BB-839A-E313F8FD60CC}"
EndProject
Project("{2150E333-8FDC-42A3-9474-1A3956D46DE8}") = "Tests", "Tests", "{342BC0F7-9CE1-461E-976B-DBE9EF47B1F7}"
EndProject
Project("{8BC9CEB8-8B4A-11D0-8D11-00A0C91BC942}") = "AssetManagement_Test", "Tests\AssetManagement_Test\AssetManagement_Test.vcxproj", "{2F226592-0B82-4FD0-983F-EEECAB04D085}"
	ProjectSection(ProjectDependencies) = postProject
		{CBB89831-0AA2-4C01-A866-11E0344BD80B} = {CBB89831-0AA2-4C01-A866-11E0344BD80B}
	EndProjectSection
EndProject
Project("{8BC9CEB8-8B4A-11D0-8D11-00A0C91BC942}") = "ECS_Test", "Tests\ECS_Test\ECS_Test.vcxproj", "{8A2045C5-438E-4AA1-8181-27628F99E0DD}"
	ProjectSection(ProjectDependencies) = postProject
		{202357B9-0D5E-4C86-94AD-157D3952A2F4} = {202357B9-0D5E-4C86-94AD-157D3952A2F4}
	EndProjectSection
EndProject
Project("{8BC9CEB8-8B4A-11D0-8D11-00A0C91BC942}") = "Utils_Test", "Tests\Utils_Test\Utils_Test.vcxproj", "{C1EDCEAB-D7CA-48E1-A39B-151442367A08}"
	ProjectSection(ProjectDependencies) = postProject
		{C32D033F-1533-4D6B-92B9-1DDA3623CFD9} = {C32D033F-1533-4D6B-92B9-1DDA3623CFD9}
	EndProjectSection
EndProject
Project("{2150E333-8FDC-42A3-9474-1A3956D46DE8}") = "Projects", "Projects", "{68E18708-8B25-4D2D-B4A2-AC8A25BCA20E}"
EndProject
Project("{2150E333-8FDC-42A3-9474-1A3956D46DE8}") = "TestProject", "TestProject", "{D6803CCA-081B-4EF3-A78A-626A5FC649A5}"
EndProject
Project("{2150E333-8FDC-42A3-9474-1A3956D46DE8}") = "Android", "Android", "{57AB0EFB-D6C9-4910-9CA1-04CE2818C301}"
EndProject
Project("{8BC9CEB8-8B4A-11D0-8D11-00A0C91BC942}") = "Projects.TestProject.Android.NativeActivity", "Projects\TestProject\Android\NativeActivity\Projects.TestProject.Android.NativeActivity.vcxproj", "{DD20B9A9-06A4-4546-A4EA-CA57BB127003}"
EndProject
Project("{39E2626F-3545-4960-A6E8-258AD8476CE5}") = "Projects.TestProject.Android.Packaging", "Projects\TestProject\Android\Packaging\Projects.TestProject.Android.Packaging.androidproj", "{5D3ABA21-BE81-4321-A4A1-6C16DC00108C}"
EndProject
Project("{8BC9CEB8-8B4A-11D0-8D11-00A0C91BC942}") = "TestProject.Windows", "Projects\TestProject\Windows\TestProject.Windows.vcxproj", "{2958E22D-9F1C-4652-AE6A-2699B25D9C1A}"
	ProjectSection(ProjectDependencies) = postProject
		{CE85731A-3AA4-44F2-AAA3-AEB58AF4D5E6} = {CE85731A-3AA4-44F2-AAA3-AEB58AF4D5E6}
		{CBB89831-0AA2-4C01-A866-11E0344BD80B} = {CBB89831-0AA2-4C01-A866-11E0344BD80B}
		{E5C56247-EECA-4F49-80A6-261BE98541C4} = {E5C56247-EECA-4F49-80A6-261BE98541C4}
		{202357B9-0D5E-4C86-94AD-157D3952A2F4} = {202357B9-0D5E-4C86-94AD-157D3952A2F4}
	EndProjectSection
EndProject
Project("{2150E333-8FDC-42A3-9474-1A3956D46DE8}") = "Solution Items", "Solution Items", "{60EE6354-8C70-48C4-9AE0-5CED360DBA9D}"
	ProjectSection(SolutionItems) = preProject
		dependencies\stduuid\include\uuid.h = dependencies\stduuid\include\uuid.h
	EndProjectSection
EndProject
Global
	GlobalSection(SolutionConfigurationPlatforms) = preSolution
		Debug|Any CPU = Debug|Any CPU
		Debug|ARM = Debug|ARM
		Debug|ARM64 = Debug|ARM64
		Debug|x64 = Debug|x64
		Debug|x86 = Debug|x86
		Release|Any CPU = Release|Any CPU
		Release|ARM = Release|ARM
		Release|ARM64 = Release|ARM64
		Release|x64 = Release|x64
		Release|x86 = Release|x86
	EndGlobalSection
	GlobalSection(ProjectConfigurationPlatforms) = postSolution
		{285159EE-4F02-422A-8075-0919A2C6B554}.Debug|Any CPU.ActiveCfg = Debug|x64
		{285159EE-4F02-422A-8075-0919A2C6B554}.Debug|ARM.ActiveCfg = Debug|x64
		{285159EE-4F02-422A-8075-0919A2C6B554}.Debug|ARM64.ActiveCfg = Debug|x64
		{285159EE-4F02-422A-8075-0919A2C6B554}.Debug|x64.ActiveCfg = Debug|x64
		{285159EE-4F02-422A-8075-0919A2C6B554}.Debug|x64.Build.0 = Debug|x64
		{285159EE-4F02-422A-8075-0919A2C6B554}.Debug|x86.ActiveCfg = Debug|x64
		{285159EE-4F02-422A-8075-0919A2C6B554}.Release|Any CPU.ActiveCfg = Release|x64
		{285159EE-4F02-422A-8075-0919A2C6B554}.Release|ARM.ActiveCfg = Release|x64
		{285159EE-4F02-422A-8075-0919A2C6B554}.Release|ARM64.ActiveCfg = Release|x64
		{285159EE-4F02-422A-8075-0919A2C6B554}.Release|x64.ActiveCfg = Release|x64
		{285159EE-4F02-422A-8075-0919A2C6B554}.Release|x64.Build.0 = Release|x64
		{285159EE-4F02-422A-8075-0919A2C6B554}.Release|x86.ActiveCfg = Release|x64
		{AA744AB9-B1DC-4ECB-9626-1F542E33A0ED}.Debug|Any CPU.ActiveCfg = Debug|x64
		{AA744AB9-B1DC-4ECB-9626-1F542E33A0ED}.Debug|ARM.ActiveCfg = Debug|x64
		{AA744AB9-B1DC-4ECB-9626-1F542E33A0ED}.Debug|ARM64.ActiveCfg = Debug|x64
		{AA744AB9-B1DC-4ECB-9626-1F542E33A0ED}.Debug|x64.ActiveCfg = Debug|x64
		{AA744AB9-B1DC-4ECB-9626-1F542E33A0ED}.Debug|x64.Build.0 = Debug|x64
		{AA744AB9-B1DC-4ECB-9626-1F542E33A0ED}.Debug|x86.ActiveCfg = Debug|x64
		{AA744AB9-B1DC-4ECB-9626-1F542E33A0ED}.Release|Any CPU.ActiveCfg = Release|x64
		{AA744AB9-B1DC-4ECB-9626-1F542E33A0ED}.Release|ARM.ActiveCfg = Release|x64
		{AA744AB9-B1DC-4ECB-9626-1F542E33A0ED}.Release|ARM64.ActiveCfg = Release|x64
		{AA744AB9-B1DC-4ECB-9626-1F542E33A0ED}.Release|x64.ActiveCfg = Release|x64
		{AA744AB9-B1DC-4ECB-9626-1F542E33A0ED}.Release|x64.Build.0 = Release|x64
		{AA744AB9-B1DC-4ECB-9626-1F542E33A0ED}.Release|x86.ActiveCfg = Release|x64
		{A8A683F4-6ABF-4310-8069-4C4341CAA6B9}.Debug|Any CPU.ActiveCfg = Debug|x64
		{A8A683F4-6ABF-4310-8069-4C4341CAA6B9}.Debug|ARM.ActiveCfg = Debug|x64
		{A8A683F4-6ABF-4310-8069-4C4341CAA6B9}.Debug|ARM64.ActiveCfg = Debug|x64
		{A8A683F4-6ABF-4310-8069-4C4341CAA6B9}.Debug|x64.ActiveCfg = Debug|x64
		{A8A683F4-6ABF-4310-8069-4C4341CAA6B9}.Debug|x64.Build.0 = Debug|x64
		{A8A683F4-6ABF-4310-8069-4C4341CAA6B9}.Debug|x86.ActiveCfg = Debug|x64
		{A8A683F4-6ABF-4310-8069-4C4341CAA6B9}.Release|Any CPU.ActiveCfg = Release|x64
		{A8A683F4-6ABF-4310-8069-4C4341CAA6B9}.Release|ARM.ActiveCfg = Release|x64
		{A8A683F4-6ABF-4310-8069-4C4341CAA6B9}.Release|ARM64.ActiveCfg = Release|x64
		{A8A683F4-6ABF-4310-8069-4C4341CAA6B9}.Release|x64.ActiveCfg = Release|x64
		{A8A683F4-6ABF-4310-8069-4C4341CAA6B9}.Release|x64.Build.0 = Release|x64
		{A8A683F4-6ABF-4310-8069-4C4341CAA6B9}.Release|x86.ActiveCfg = Release|x64
		{E5C56247-EECA-4F49-80A6-261BE98541C4}.Debug|Any CPU.ActiveCfg = Debug|x64
		{E5C56247-EECA-4F49-80A6-261BE98541C4}.Debug|ARM.ActiveCfg = Debug|x64
		{E5C56247-EECA-4F49-80A6-261BE98541C4}.Debug|ARM64.ActiveCfg = Debug|x64
		{E5C56247-EECA-4F49-80A6-261BE98541C4}.Debug|x64.ActiveCfg = Debug|x64
		{E5C56247-EECA-4F49-80A6-261BE98541C4}.Debug|x64.Build.0 = Debug|x64
		{E5C56247-EECA-4F49-80A6-261BE98541C4}.Debug|x86.ActiveCfg = Debug|x64
		{E5C56247-EECA-4F49-80A6-261BE98541C4}.Release|Any CPU.ActiveCfg = Release|x64
		{E5C56247-EECA-4F49-80A6-261BE98541C4}.Release|ARM.ActiveCfg = Release|x64
		{E5C56247-EECA-4F49-80A6-261BE98541C4}.Release|ARM64.ActiveCfg = Release|x64
		{E5C56247-EECA-4F49-80A6-261BE98541C4}.Release|x64.ActiveCfg = Release|x64
		{E5C56247-EECA-4F49-80A6-261BE98541C4}.Release|x64.Build.0 = Release|x64
		{E5C56247-EECA-4F49-80A6-261BE98541C4}.Release|x86.ActiveCfg = Release|x64
		{CE85731A-3AA4-44F2-AAA3-AEB58AF4D5E6}.Debug|Any CPU.ActiveCfg = Debug|x64
		{CE85731A-3AA4-44F2-AAA3-AEB58AF4D5E6}.Debug|ARM.ActiveCfg = Debug|x64
		{CE85731A-3AA4-44F2-AAA3-AEB58AF4D5E6}.Debug|ARM64.ActiveCfg = Debug|x64
		{CE85731A-3AA4-44F2-AAA3-AEB58AF4D5E6}.Debug|x64.ActiveCfg = Debug|x64
		{CE85731A-3AA4-44F2-AAA3-AEB58AF4D5E6}.Debug|x64.Build.0 = Debug|x64
		{CE85731A-3AA4-44F2-AAA3-AEB58AF4D5E6}.Debug|x86.ActiveCfg = Debug|x64
		{CE85731A-3AA4-44F2-AAA3-AEB58AF4D5E6}.Release|Any CPU.ActiveCfg = Release|x64
		{CE85731A-3AA4-44F2-AAA3-AEB58AF4D5E6}.Release|ARM.ActiveCfg = Release|x64
		{CE85731A-3AA4-44F2-AAA3-AEB58AF4D5E6}.Release|ARM64.ActiveCfg = Release|x64
		{CE85731A-3AA4-44F2-AAA3-AEB58AF4D5E6}.Release|x64.ActiveCfg = Release|x64
		{CE85731A-3AA4-44F2-AAA3-AEB58AF4D5E6}.Release|x64.Build.0 = Release|x64
		{CE85731A-3AA4-44F2-AAA3-AEB58AF4D5E6}.Release|x86.ActiveCfg = Release|x64
		{C32D033F-1533-4D6B-92B9-1DDA3623CFD9}.Debug|Any CPU.ActiveCfg = Debug|x64
		{C32D033F-1533-4D6B-92B9-1DDA3623CFD9}.Debug|ARM.ActiveCfg = Debug|x64
		{C32D033F-1533-4D6B-92B9-1DDA3623CFD9}.Debug|ARM64.ActiveCfg = Debug|x64
		{C32D033F-1533-4D6B-92B9-1DDA3623CFD9}.Debug|x64.ActiveCfg = Debug|x64
		{C32D033F-1533-4D6B-92B9-1DDA3623CFD9}.Debug|x64.Build.0 = Debug|x64
		{C32D033F-1533-4D6B-92B9-1DDA3623CFD9}.Debug|x86.ActiveCfg = Debug|x64
		{C32D033F-1533-4D6B-92B9-1DDA3623CFD9}.Release|Any CPU.ActiveCfg = Release|x64
		{C32D033F-1533-4D6B-92B9-1DDA3623CFD9}.Release|ARM.ActiveCfg = Release|x64
		{C32D033F-1533-4D6B-92B9-1DDA3623CFD9}.Release|ARM64.ActiveCfg = Release|x64
		{C32D033F-1533-4D6B-92B9-1DDA3623CFD9}.Release|x64.ActiveCfg = Release|x64
		{C32D033F-1533-4D6B-92B9-1DDA3623CFD9}.Release|x64.Build.0 = Release|x64
		{C32D033F-1533-4D6B-92B9-1DDA3623CFD9}.Release|x86.ActiveCfg = Release|x64
		{E24C7ECB-173A-489E-9CC4-0FB97BC1D4D2}.Debug|Any CPU.ActiveCfg = Debug|x64
		{E24C7ECB-173A-489E-9CC4-0FB97BC1D4D2}.Debug|ARM.ActiveCfg = Debug|x64
		{E24C7ECB-173A-489E-9CC4-0FB97BC1D4D2}.Debug|ARM64.ActiveCfg = Debug|x64
		{E24C7ECB-173A-489E-9CC4-0FB97BC1D4D2}.Debug|x64.ActiveCfg = Debug|x64
		{E24C7ECB-173A-489E-9CC4-0FB97BC1D4D2}.Debug|x64.Build.0 = Debug|x64
		{E24C7ECB-173A-489E-9CC4-0FB97BC1D4D2}.Debug|x86.ActiveCfg = Debug|x64
		{E24C7ECB-173A-489E-9CC4-0FB97BC1D4D2}.Release|Any CPU.ActiveCfg = Release|x64
		{E24C7ECB-173A-489E-9CC4-0FB97BC1D4D2}.Release|ARM.ActiveCfg = Release|x64
		{E24C7ECB-173A-489E-9CC4-0FB97BC1D4D2}.Release|ARM64.ActiveCfg = Release|x64
		{E24C7ECB-173A-489E-9CC4-0FB97BC1D4D2}.Release|x64.ActiveCfg = Release|x64
		{E24C7ECB-173A-489E-9CC4-0FB97BC1D4D2}.Release|x64.Build.0 = Release|x64
		{E24C7ECB-173A-489E-9CC4-0FB97BC1D4D2}.Release|x86.ActiveCfg = Release|x64
		{CBB89831-0AA2-4C01-A866-11E0344BD80B}.Debug|Any CPU.ActiveCfg = Debug|x64
		{CBB89831-0AA2-4C01-A866-11E0344BD80B}.Debug|ARM.ActiveCfg = Debug|x64
		{CBB89831-0AA2-4C01-A866-11E0344BD80B}.Debug|ARM64.ActiveCfg = Debug|x64
		{CBB89831-0AA2-4C01-A866-11E0344BD80B}.Debug|x64.ActiveCfg = Debug|x64
		{CBB89831-0AA2-4C01-A866-11E0344BD80B}.Debug|x64.Build.0 = Debug|x64
		{CBB89831-0AA2-4C01-A866-11E0344BD80B}.Debug|x86.ActiveCfg = Debug|x64
		{CBB89831-0AA2-4C01-A866-11E0344BD80B}.Release|Any CPU.ActiveCfg = Release|x64
		{CBB89831-0AA2-4C01-A866-11E0344BD80B}.Release|ARM.ActiveCfg = Release|x64
		{CBB89831-0AA2-4C01-A866-11E0344BD80B}.Release|ARM64.ActiveCfg = Release|x64
		{CBB89831-0AA2-4C01-A866-11E0344BD80B}.Release|x64.ActiveCfg = Release|x64
		{CBB89831-0AA2-4C01-A866-11E0344BD80B}.Release|x64.Build.0 = Release|x64
		{CBB89831-0AA2-4C01-A866-11E0344BD80B}.Release|x86.ActiveCfg = Release|x64
		{EB4CB5F1-DEC1-4A96-8A9F-872EBC864BB2}.Debug|Any CPU.ActiveCfg = Debug|x64
		{EB4CB5F1-DEC1-4A96-8A9F-872EBC864BB2}.Debug|ARM.ActiveCfg = Debug|x64
		{EB4CB5F1-DEC1-4A96-8A9F-872EBC864BB2}.Debug|ARM64.ActiveCfg = Debug|x64
		{EB4CB5F1-DEC1-4A96-8A9F-872EBC864BB2}.Debug|x64.ActiveCfg = Debug|x64
		{EB4CB5F1-DEC1-4A96-8A9F-872EBC864BB2}.Debug|x64.Build.0 = Debug|x64
		{EB4CB5F1-DEC1-4A96-8A9F-872EBC864BB2}.Debug|x86.ActiveCfg = Debug|x64
		{EB4CB5F1-DEC1-4A96-8A9F-872EBC864BB2}.Release|Any CPU.ActiveCfg = Release|x64
		{EB4CB5F1-DEC1-4A96-8A9F-872EBC864BB2}.Release|ARM.ActiveCfg = Release|x64
		{EB4CB5F1-DEC1-4A96-8A9F-872EBC864BB2}.Release|ARM64.ActiveCfg = Release|x64
		{EB4CB5F1-DEC1-4A96-8A9F-872EBC864BB2}.Release|x64.ActiveCfg = Release|x64
		{EB4CB5F1-DEC1-4A96-8A9F-872EBC864BB2}.Release|x64.Build.0 = Release|x64
		{EB4CB5F1-DEC1-4A96-8A9F-872EBC864BB2}.Release|x86.ActiveCfg = Release|x64
		{202357B9-0D5E-4C86-94AD-157D3952A2F4}.Debug|Any CPU.ActiveCfg = Debug|x64
		{202357B9-0D5E-4C86-94AD-157D3952A2F4}.Debug|ARM.ActiveCfg = Debug|x64
		{202357B9-0D5E-4C86-94AD-157D3952A2F4}.Debug|ARM64.ActiveCfg = Debug|x64
		{202357B9-0D5E-4C86-94AD-157D3952A2F4}.Debug|x64.ActiveCfg = Debug|x64
		{202357B9-0D5E-4C86-94AD-157D3952A2F4}.Debug|x64.Build.0 = Debug|x64
		{202357B9-0D5E-4C86-94AD-157D3952A2F4}.Debug|x86.ActiveCfg = Debug|x64
		{202357B9-0D5E-4C86-94AD-157D3952A2F4}.Release|Any CPU.ActiveCfg = Release|x64
		{202357B9-0D5E-4C86-94AD-157D3952A2F4}.Release|ARM.ActiveCfg = Release|x64
		{202357B9-0D5E-4C86-94AD-157D3952A2F4}.Release|ARM64.ActiveCfg = Release|x64
		{202357B9-0D5E-4C86-94AD-157D3952A2F4}.Release|x64.ActiveCfg = Release|x64
		{202357B9-0D5E-4C86-94AD-157D3952A2F4}.Release|x64.Build.0 = Release|x64
		{202357B9-0D5E-4C86-94AD-157D3952A2F4}.Release|x86.ActiveCfg = Release|x64
		{56854A45-E2D6-47BB-839A-E313F8FD60CC}.Debug|Any CPU.ActiveCfg = Debug|Any CPU
		{56854A45-E2D6-47BB-839A-E313F8FD60CC}.Debug|ARM.ActiveCfg = Debug|Any CPU
		{56854A45-E2D6-47BB-839A-E313F8FD60CC}.Debug|ARM64.ActiveCfg = Debug|Any CPU
		{56854A45-E2D6-47BB-839A-E313F8FD60CC}.Debug|x64.ActiveCfg = Debug|Any CPU
		{56854A45-E2D6-47BB-839A-E313F8FD60CC}.Debug|x86.ActiveCfg = Debug|Any CPU
		{56854A45-E2D6-47BB-839A-E313F8FD60CC}.Release|Any CPU.ActiveCfg = Release|Any CPU
		{56854A45-E2D6-47BB-839A-E313F8FD60CC}.Release|ARM.ActiveCfg = Release|Any CPU
		{56854A45-E2D6-47BB-839A-E313F8FD60CC}.Release|ARM64.ActiveCfg = Release|Any CPU
		{56854A45-E2D6-47BB-839A-E313F8FD60CC}.Release|x64.ActiveCfg = Release|Any CPU
		{56854A45-E2D6-47BB-839A-E313F8FD60CC}.Release|x86.ActiveCfg = Release|Any CPU
		{2F226592-0B82-4FD0-983F-EEECAB04D085}.Debug|Any CPU.ActiveCfg = Debug|x64
		{2F226592-0B82-4FD0-983F-EEECAB04D085}.Debug|ARM.ActiveCfg = Debug|x64
		{2F226592-0B82-4FD0-983F-EEECAB04D085}.Debug|ARM64.ActiveCfg = Debug|x64
		{2F226592-0B82-4FD0-983F-EEECAB04D085}.Debug|x64.ActiveCfg = Debug|x64
		{2F226592-0B82-4FD0-983F-EEECAB04D085}.Debug|x64.Build.0 = Debug|x64
		{2F226592-0B82-4FD0-983F-EEECAB04D085}.Debug|x86.ActiveCfg = Debug|x64
		{2F226592-0B82-4FD0-983F-EEECAB04D085}.Release|Any CPU.ActiveCfg = Release|x64
		{2F226592-0B82-4FD0-983F-EEECAB04D085}.Release|ARM.ActiveCfg = Release|x64
		{2F226592-0B82-4FD0-983F-EEECAB04D085}.Release|ARM64.ActiveCfg = Release|x64
		{2F226592-0B82-4FD0-983F-EEECAB04D085}.Release|x64.ActiveCfg = Release|x64
		{2F226592-0B82-4FD0-983F-EEECAB04D085}.Release|x64.Build.0 = Release|x64
		{2F226592-0B82-4FD0-983F-EEECAB04D085}.Release|x86.ActiveCfg = Release|x64
		{8A2045C5-438E-4AA1-8181-27628F99E0DD}.Debug|Any CPU.ActiveCfg = Debug|x64
		{8A2045C5-438E-4AA1-8181-27628F99E0DD}.Debug|ARM.ActiveCfg = Debug|x64
		{8A2045C5-438E-4AA1-8181-27628F99E0DD}.Debug|ARM64.ActiveCfg = Debug|x64
		{8A2045C5-438E-4AA1-8181-27628F99E0DD}.Debug|x64.ActiveCfg = Debug|x64
		{8A2045C5-438E-4AA1-8181-27628F99E0DD}.Debug|x64.Build.0 = Debug|x64
		{8A2045C5-438E-4AA1-8181-27628F99E0DD}.Debug|x86.ActiveCfg = Debug|x64
		{8A2045C5-438E-4AA1-8181-27628F99E0DD}.Release|Any CPU.ActiveCfg = Release|x64
		{8A2045C5-438E-4AA1-8181-27628F99E0DD}.Release|ARM.ActiveCfg = Release|x64
		{8A2045C5-438E-4AA1-8181-27628F99E0DD}.Release|ARM64.ActiveCfg = Release|x64
		{8A2045C5-438E-4AA1-8181-27628F99E0DD}.Release|x64.ActiveCfg = Release|x64
		{8A2045C5-438E-4AA1-8181-27628F99E0DD}.Release|x64.Build.0 = Release|x64
		{8A2045C5-438E-4AA1-8181-27628F99E0DD}.Release|x86.ActiveCfg = Release|x64
		{C1EDCEAB-D7CA-48E1-A39B-151442367A08}.Debug|Any CPU.ActiveCfg = Debug|x64
		{C1EDCEAB-D7CA-48E1-A39B-151442367A08}.Debug|ARM.ActiveCfg = Debug|x64
		{C1EDCEAB-D7CA-48E1-A39B-151442367A08}.Debug|ARM64.ActiveCfg = Debug|x64
		{C1EDCEAB-D7CA-48E1-A39B-151442367A08}.Debug|x64.ActiveCfg = Debug|x64
		{C1EDCEAB-D7CA-48E1-A39B-151442367A08}.Debug|x64.Build.0 = Debug|x64
		{C1EDCEAB-D7CA-48E1-A39B-151442367A08}.Debug|x86.ActiveCfg = Debug|x64
		{C1EDCEAB-D7CA-48E1-A39B-151442367A08}.Release|Any CPU.ActiveCfg = Release|x64
		{C1EDCEAB-D7CA-48E1-A39B-151442367A08}.Release|ARM.ActiveCfg = Release|x64
		{C1EDCEAB-D7CA-48E1-A39B-151442367A08}.Release|ARM64.ActiveCfg = Release|x64
		{C1EDCEAB-D7CA-48E1-A39B-151442367A08}.Release|x64.ActiveCfg = Release|x64
		{C1EDCEAB-D7CA-48E1-A39B-151442367A08}.Release|x64.Build.0 = Release|x64
		{C1EDCEAB-D7CA-48E1-A39B-151442367A08}.Release|x86.ActiveCfg = Release|x64
		{DD20B9A9-06A4-4546-A4EA-CA57BB127003}.Debug|Any CPU.ActiveCfg = Debug|x86
		{DD20B9A9-06A4-4546-A4EA-CA57BB127003}.Debug|ARM.ActiveCfg = Debug|ARM
		{DD20B9A9-06A4-4546-A4EA-CA57BB127003}.Debug|ARM.Build.0 = Debug|ARM
		{DD20B9A9-06A4-4546-A4EA-CA57BB127003}.Debug|ARM64.ActiveCfg = Debug|ARM64
		{DD20B9A9-06A4-4546-A4EA-CA57BB127003}.Debug|ARM64.Build.0 = Debug|ARM64
		{DD20B9A9-06A4-4546-A4EA-CA57BB127003}.Debug|x64.ActiveCfg = Debug|x64
		{DD20B9A9-06A4-4546-A4EA-CA57BB127003}.Debug|x64.Build.0 = Debug|x64
		{DD20B9A9-06A4-4546-A4EA-CA57BB127003}.Debug|x86.ActiveCfg = Debug|x86
		{DD20B9A9-06A4-4546-A4EA-CA57BB127003}.Debug|x86.Build.0 = Debug|x86
		{DD20B9A9-06A4-4546-A4EA-CA57BB127003}.Release|Any CPU.ActiveCfg = Release|x86
		{DD20B9A9-06A4-4546-A4EA-CA57BB127003}.Release|ARM.ActiveCfg = Release|ARM
		{DD20B9A9-06A4-4546-A4EA-CA57BB127003}.Release|ARM.Build.0 = Release|ARM
		{DD20B9A9-06A4-4546-A4EA-CA57BB127003}.Release|ARM64.ActiveCfg = Release|ARM64
		{DD20B9A9-06A4-4546-A4EA-CA57BB127003}.Release|ARM64.Build.0 = Release|ARM64
		{DD20B9A9-06A4-4546-A4EA-CA57BB127003}.Release|x64.ActiveCfg = Release|x64
		{DD20B9A9-06A4-4546-A4EA-CA57BB127003}.Release|x64.Build.0 = Release|x64
		{DD20B9A9-06A4-4546-A4EA-CA57BB127003}.Release|x86.ActiveCfg = Release|x86
		{DD20B9A9-06A4-4546-A4EA-CA57BB127003}.Release|x86.Build.0 = Release|x86
		{5D3ABA21-BE81-4321-A4A1-6C16DC00108C}.Debug|Any CPU.ActiveCfg = Debug|x86
		{5D3ABA21-BE81-4321-A4A1-6C16DC00108C}.Debug|ARM.ActiveCfg = Debug|ARM
		{5D3ABA21-BE81-4321-A4A1-6C16DC00108C}.Debug|ARM.Build.0 = Debug|ARM
		{5D3ABA21-BE81-4321-A4A1-6C16DC00108C}.Debug|ARM.Deploy.0 = Debug|ARM
		{5D3ABA21-BE81-4321-A4A1-6C16DC00108C}.Debug|ARM64.ActiveCfg = Debug|ARM64
		{5D3ABA21-BE81-4321-A4A1-6C16DC00108C}.Debug|ARM64.Build.0 = Debug|ARM64
		{5D3ABA21-BE81-4321-A4A1-6C16DC00108C}.Debug|ARM64.Deploy.0 = Debug|ARM64
		{5D3ABA21-BE81-4321-A4A1-6C16DC00108C}.Debug|x64.ActiveCfg = Debug|x64
		{5D3ABA21-BE81-4321-A4A1-6C16DC00108C}.Debug|x64.Build.0 = Debug|x64
		{5D3ABA21-BE81-4321-A4A1-6C16DC00108C}.Debug|x64.Deploy.0 = Debug|x64
		{5D3ABA21-BE81-4321-A4A1-6C16DC00108C}.Debug|x86.ActiveCfg = Debug|x86
		{5D3ABA21-BE81-4321-A4A1-6C16DC00108C}.Debug|x86.Build.0 = Debug|x86
		{5D3ABA21-BE81-4321-A4A1-6C16DC00108C}.Debug|x86.Deploy.0 = Debug|x86
		{5D3ABA21-BE81-4321-A4A1-6C16DC00108C}.Release|Any CPU.ActiveCfg = Release|x86
		{5D3ABA21-BE81-4321-A4A1-6C16DC00108C}.Release|ARM.ActiveCfg = Release|ARM
		{5D3ABA21-BE81-4321-A4A1-6C16DC00108C}.Release|ARM.Build.0 = Release|ARM
		{5D3ABA21-BE81-4321-A4A1-6C16DC00108C}.Release|ARM.Deploy.0 = Release|ARM
		{5D3ABA21-BE81-4321-A4A1-6C16DC00108C}.Release|ARM64.ActiveCfg = Release|ARM64
		{5D3ABA21-BE81-4321-A4A1-6C16DC00108C}.Release|ARM64.Build.0 = Release|ARM64
		{5D3ABA21-BE81-4321-A4A1-6C16DC00108C}.Release|ARM64.Deploy.0 = Release|ARM64
		{5D3ABA21-BE81-4321-A4A1-6C16DC00108C}.Release|x64.ActiveCfg = Release|x64
		{5D3ABA21-BE81-4321-A4A1-6C16DC00108C}.Release|x64.Build.0 = Release|x64
		{5D3ABA21-BE81-4321-A4A1-6C16DC00108C}.Release|x64.Deploy.0 = Release|x64
		{5D3ABA21-BE81-4321-A4A1-6C16DC00108C}.Release|x86.ActiveCfg = Release|x86
		{5D3ABA21-BE81-4321-A4A1-6C16DC00108C}.Release|x86.Build.0 = Release|x86
		{5D3ABA21-BE81-4321-A4A1-6C16DC00108C}.Release|x86.Deploy.0 = Release|x86
		{2958E22D-9F1C-4652-AE6A-2699B25D9C1A}.Debug|Any CPU.ActiveCfg = Debug|x64
		{2958E22D-9F1C-4652-AE6A-2699B25D9C1A}.Debug|ARM.ActiveCfg = Debug|x64
		{2958E22D-9F1C-4652-AE6A-2699B25D9C1A}.Debug|ARM64.ActiveCfg = Debug|x64
		{2958E22D-9F1C-4652-AE6A-2699B25D9C1A}.Debug|x64.ActiveCfg = Debug|x64
		{2958E22D-9F1C-4652-AE6A-2699B25D9C1A}.Debug|x64.Build.0 = Debug|x64
		{2958E22D-9F1C-4652-AE6A-2699B25D9C1A}.Debug|x86.ActiveCfg = Debug|x64
		{2958E22D-9F1C-4652-AE6A-2699B25D9C1A}.Release|Any CPU.ActiveCfg = Release|x64
		{2958E22D-9F1C-4652-AE6A-2699B25D9C1A}.Release|ARM.ActiveCfg = Release|x64
		{2958E22D-9F1C-4652-AE6A-2699B25D9C1A}.Release|ARM64.ActiveCfg = Release|x64
		{2958E22D-9F1C-4652-AE6A-2699B25D9C1A}.Release|x64.ActiveCfg = Release|x64
		{2958E22D-9F1C-4652-AE6A-2699B25D9C1A}.Release|x64.Build.0 = Release|x64
		{2958E22D-9F1C-4652-AE6A-2699B25D9C1A}.Release|x86.ActiveCfg = Release|x64
	EndGlobalSection
	GlobalSection(SolutionProperties) = preSolution
		HideSolutionNode = FALSE
	EndGlobalSection
	GlobalSection(NestedProjects) = preSolution
		{2F226592-0B82-4FD0-983F-EEECAB04D085} = {342BC0F7-9CE1-461E-976B-DBE9EF47B1F7}
		{8A2045C5-438E-4AA1-8181-27628F99E0DD} = {342BC0F7-9CE1-461E-976B-DBE9EF47B1F7}
		{C1EDCEAB-D7CA-48E1-A39B-151442367A08} = {342BC0F7-9CE1-461E-976B-DBE9EF47B1F7}
		{D6803CCA-081B-4EF3-A78A-626A5FC649A5} = {68E18708-8B25-4D2D-B4A2-AC8A25BCA20E}
		{57AB0EFB-D6C9-4910-9CA1-04CE2818C301} = {D6803CCA-081B-4EF3-A78A-626A5FC649A5}
		{DD20B9A9-06A4-4546-A4EA-CA57BB127003} = {57AB0EFB-D6C9-4910-9CA1-04CE2818C301}
		{5D3ABA21-BE81-4321-A4A1-6C16DC00108C} = {57AB0EFB-D6C9-4910-9CA1-04CE2818C301}
		{2958E22D-9F1C-4652-AE6A-2699B25D9C1A} = {D6803CCA-081B-4EF3-A78A-626A5FC649A5}
	EndGlobalSection
	GlobalSection(ExtensibilityGlobals) = postSolution
		SolutionGuid = {5E34F41A-326D-4259-A2C1-709074130C1B}
	EndGlobalSection
EndGlobal
