
Microsoft Visual Studio Solution File, Format Version 12.00
# Visual Studio Version 16
VisualStudioVersion = 16.0.29102.190
MinimumVisualStudioVersion = 10.0.40219.1
Project("{8BC9CEB8-8B4A-11D0-8D11-00A0C91BC942}") = "Client", "Client\Client.vcxproj", "{285159EE-4F02-422A-8075-0919A2C6B554}"
	ProjectSection(ProjectDependencies) = postProject
		{A8A683F4-6ABF-4310-8069-4C4341CAA6B9} = {A8A683F4-6ABF-4310-8069-4C4341CAA6B9}
	EndProjectSection
EndProject
Project("{8BC9CEB8-8B4A-11D0-8D11-00A0C91BC942}") = "Server", "Server\Server.vcxproj", "{AA744AB9-B1DC-4ECB-9626-1F542E33A0ED}"
	ProjectSection(ProjectDependencies) = postProject
		{A8A683F4-6ABF-4310-8069-4C4341CAA6B9} = {A8A683F4-6ABF-4310-8069-4C4341CAA6B9}
	EndProjectSection
EndProject
Project("{8BC9CEB8-8B4A-11D0-8D11-00A0C91BC942}") = "Networking", "Networking\Networking.vcxproj", "{A8A683F4-6ABF-4310-8069-4C4341CAA6B9}"
EndProject
Project("{8BC9CEB8-8B4A-11D0-8D11-00A0C91BC942}") = "Renderer", "Renderer\Renderer.vcxproj", "{E5C56247-EECA-4F49-80A6-261BE98541C4}"
	ProjectSection(ProjectDependencies) = postProject
		{CE85731A-3AA4-44F2-AAA3-AEB58AF4D5E6} = {CE85731A-3AA4-44F2-AAA3-AEB58AF4D5E6}
		{CBB89831-0AA2-4C01-A866-11E0344BD80B} = {CBB89831-0AA2-4C01-A866-11E0344BD80B}
		{C32D033F-1533-4D6B-92B9-1DDA3623CFD9} = {C32D033F-1533-4D6B-92B9-1DDA3623CFD9}
		{E24C7ECB-173A-489E-9CC4-0FB97BC1D4D2} = {E24C7ECB-173A-489E-9CC4-0FB97BC1D4D2}
	EndProjectSection
EndProject
Project("{8BC9CEB8-8B4A-11D0-8D11-00A0C91BC942}") = "WindowCreator", "WindowCreator\WindowCreator.vcxproj", "{CE85731A-3AA4-44F2-AAA3-AEB58AF4D5E6}"
	ProjectSection(ProjectDependencies) = postProject
		{C32D033F-1533-4D6B-92B9-1DDA3623CFD9} = {C32D033F-1533-4D6B-92B9-1DDA3623CFD9}
	EndProjectSection
EndProject
Project("{8BC9CEB8-8B4A-11D0-8D11-00A0C91BC942}") = "Utils", "Utils\Utils.vcxproj", "{C32D033F-1533-4D6B-92B9-1DDA3623CFD9}"
EndProject
Project("{8BC9CEB8-8B4A-11D0-8D11-00A0C91BC942}") = "VulkanRenderer", "VulkanRenderer\VulkanRenderer.vcxproj", "{E24C7ECB-173A-489E-9CC4-0FB97BC1D4D2}"
	ProjectSection(ProjectDependencies) = postProject
		{CE85731A-3AA4-44F2-AAA3-AEB58AF4D5E6} = {CE85731A-3AA4-44F2-AAA3-AEB58AF4D5E6}
		{C32D033F-1533-4D6B-92B9-1DDA3623CFD9} = {C32D033F-1533-4D6B-92B9-1DDA3623CFD9}
	EndProjectSection
EndProject
Project("{8BC9CEB8-8B4A-11D0-8D11-00A0C91BC942}") = "AssetManagement", "AssetManagement\AssetManagement.vcxproj", "{CBB89831-0AA2-4C01-A866-11E0344BD80B}"
	ProjectSection(ProjectDependencies) = postProject
		{C32D033F-1533-4D6B-92B9-1DDA3623CFD9} = {C32D033F-1533-4D6B-92B9-1DDA3623CFD9}
	EndProjectSection
EndProject
Project("{8BC9CEB8-8B4A-11D0-8D11-00A0C91BC942}") = "AssetManagement_Test", "AssetManagement_Test\AssetManagement_Test.vcxproj", "{2F226592-0B82-4FD0-983F-EEECAB04D085}"
	ProjectSection(ProjectDependencies) = postProject
		{CBB89831-0AA2-4C01-A866-11E0344BD80B} = {CBB89831-0AA2-4C01-A866-11E0344BD80B}
	EndProjectSection
EndProject
Project("{8BC9CEB8-8B4A-11D0-8D11-00A0C91BC942}") = "Editor", "Editor\Editor.vcxproj", "{EB4CB5F1-DEC1-4A96-8A9F-872EBC864BB2}"
	ProjectSection(ProjectDependencies) = postProject
		{CBB89831-0AA2-4C01-A866-11E0344BD80B} = {CBB89831-0AA2-4C01-A866-11E0344BD80B}
	EndProjectSection
EndProject
Project("{8BC9CEB8-8B4A-11D0-8D11-00A0C91BC942}") = "TestProject", "TestProject\TestProject.vcxproj", "{2958E22D-9F1C-4652-AE6A-2699B25D9C1A}"
	ProjectSection(ProjectDependencies) = postProject
		{CBB89831-0AA2-4C01-A866-11E0344BD80B} = {CBB89831-0AA2-4C01-A866-11E0344BD80B}
		{E5C56247-EECA-4F49-80A6-261BE98541C4} = {E5C56247-EECA-4F49-80A6-261BE98541C4}
	EndProjectSection
EndProject
Project("{8BC9CEB8-8B4A-11D0-8D11-00A0C91BC942}") = "Utils_Test", "Utils_Test\Utils_Test.vcxproj", "{C1EDCEAB-D7CA-48E1-A39B-151442367A08}"
	ProjectSection(ProjectDependencies) = postProject
		{C32D033F-1533-4D6B-92B9-1DDA3623CFD9} = {C32D033F-1533-4D6B-92B9-1DDA3623CFD9}
	EndProjectSection
EndProject
Global
	GlobalSection(SolutionConfigurationPlatforms) = preSolution
		Debug|x64 = Debug|x64
		Debug|x86 = Debug|x86
		Release|x64 = Release|x64
		Release|x86 = Release|x86
	EndGlobalSection
	GlobalSection(ProjectConfigurationPlatforms) = postSolution
		{285159EE-4F02-422A-8075-0919A2C6B554}.Debug|x64.ActiveCfg = Debug|x64
		{285159EE-4F02-422A-8075-0919A2C6B554}.Debug|x64.Build.0 = Debug|x64
		{285159EE-4F02-422A-8075-0919A2C6B554}.Debug|x86.ActiveCfg = Debug|x64
		{285159EE-4F02-422A-8075-0919A2C6B554}.Release|x64.ActiveCfg = Release|x64
		{285159EE-4F02-422A-8075-0919A2C6B554}.Release|x64.Build.0 = Release|x64
		{285159EE-4F02-422A-8075-0919A2C6B554}.Release|x86.ActiveCfg = Release|x64
		{AA744AB9-B1DC-4ECB-9626-1F542E33A0ED}.Debug|x64.ActiveCfg = Debug|x64
		{AA744AB9-B1DC-4ECB-9626-1F542E33A0ED}.Debug|x64.Build.0 = Debug|x64
		{AA744AB9-B1DC-4ECB-9626-1F542E33A0ED}.Debug|x86.ActiveCfg = Debug|x64
		{AA744AB9-B1DC-4ECB-9626-1F542E33A0ED}.Release|x64.ActiveCfg = Release|x64
		{AA744AB9-B1DC-4ECB-9626-1F542E33A0ED}.Release|x64.Build.0 = Release|x64
		{AA744AB9-B1DC-4ECB-9626-1F542E33A0ED}.Release|x86.ActiveCfg = Release|x64
		{A8A683F4-6ABF-4310-8069-4C4341CAA6B9}.Debug|x64.ActiveCfg = Debug|x64
		{A8A683F4-6ABF-4310-8069-4C4341CAA6B9}.Debug|x64.Build.0 = Debug|x64
		{A8A683F4-6ABF-4310-8069-4C4341CAA6B9}.Debug|x86.ActiveCfg = Debug|x64
		{A8A683F4-6ABF-4310-8069-4C4341CAA6B9}.Release|x64.ActiveCfg = Release|x64
		{A8A683F4-6ABF-4310-8069-4C4341CAA6B9}.Release|x64.Build.0 = Release|x64
		{A8A683F4-6ABF-4310-8069-4C4341CAA6B9}.Release|x86.ActiveCfg = Release|x64
		{E5C56247-EECA-4F49-80A6-261BE98541C4}.Debug|x64.ActiveCfg = Debug|x64
		{E5C56247-EECA-4F49-80A6-261BE98541C4}.Debug|x64.Build.0 = Debug|x64
		{E5C56247-EECA-4F49-80A6-261BE98541C4}.Debug|x86.ActiveCfg = Debug|x64
		{E5C56247-EECA-4F49-80A6-261BE98541C4}.Release|x64.ActiveCfg = Release|x64
		{E5C56247-EECA-4F49-80A6-261BE98541C4}.Release|x64.Build.0 = Release|x64
		{E5C56247-EECA-4F49-80A6-261BE98541C4}.Release|x86.ActiveCfg = Release|x64
		{CE85731A-3AA4-44F2-AAA3-AEB58AF4D5E6}.Debug|x64.ActiveCfg = Debug|x64
		{CE85731A-3AA4-44F2-AAA3-AEB58AF4D5E6}.Debug|x64.Build.0 = Debug|x64
		{CE85731A-3AA4-44F2-AAA3-AEB58AF4D5E6}.Debug|x86.ActiveCfg = Debug|x64
		{CE85731A-3AA4-44F2-AAA3-AEB58AF4D5E6}.Release|x64.ActiveCfg = Release|x64
		{CE85731A-3AA4-44F2-AAA3-AEB58AF4D5E6}.Release|x64.Build.0 = Release|x64
		{CE85731A-3AA4-44F2-AAA3-AEB58AF4D5E6}.Release|x86.ActiveCfg = Release|x64
		{C32D033F-1533-4D6B-92B9-1DDA3623CFD9}.Debug|x64.ActiveCfg = Debug|x64
		{C32D033F-1533-4D6B-92B9-1DDA3623CFD9}.Debug|x64.Build.0 = Debug|x64
		{C32D033F-1533-4D6B-92B9-1DDA3623CFD9}.Debug|x86.ActiveCfg = Debug|x64
		{C32D033F-1533-4D6B-92B9-1DDA3623CFD9}.Release|x64.ActiveCfg = Release|x64
		{C32D033F-1533-4D6B-92B9-1DDA3623CFD9}.Release|x64.Build.0 = Release|x64
		{C32D033F-1533-4D6B-92B9-1DDA3623CFD9}.Release|x86.ActiveCfg = Release|x64
		{E24C7ECB-173A-489E-9CC4-0FB97BC1D4D2}.Debug|x64.ActiveCfg = Debug|x64
		{E24C7ECB-173A-489E-9CC4-0FB97BC1D4D2}.Debug|x64.Build.0 = Debug|x64
		{E24C7ECB-173A-489E-9CC4-0FB97BC1D4D2}.Debug|x86.ActiveCfg = Debug|x64
		{E24C7ECB-173A-489E-9CC4-0FB97BC1D4D2}.Release|x64.ActiveCfg = Release|x64
		{E24C7ECB-173A-489E-9CC4-0FB97BC1D4D2}.Release|x64.Build.0 = Release|x64
		{E24C7ECB-173A-489E-9CC4-0FB97BC1D4D2}.Release|x86.ActiveCfg = Release|x64
		{CBB89831-0AA2-4C01-A866-11E0344BD80B}.Debug|x64.ActiveCfg = Debug|x64
		{CBB89831-0AA2-4C01-A866-11E0344BD80B}.Debug|x64.Build.0 = Debug|x64
		{CBB89831-0AA2-4C01-A866-11E0344BD80B}.Debug|x86.ActiveCfg = Debug|x64
		{CBB89831-0AA2-4C01-A866-11E0344BD80B}.Release|x64.ActiveCfg = Release|x64
		{CBB89831-0AA2-4C01-A866-11E0344BD80B}.Release|x64.Build.0 = Release|x64
		{CBB89831-0AA2-4C01-A866-11E0344BD80B}.Release|x86.ActiveCfg = Release|x64
		{2F226592-0B82-4FD0-983F-EEECAB04D085}.Debug|x64.ActiveCfg = Debug|x64
		{2F226592-0B82-4FD0-983F-EEECAB04D085}.Debug|x64.Build.0 = Debug|x64
		{2F226592-0B82-4FD0-983F-EEECAB04D085}.Debug|x86.ActiveCfg = Debug|x64
		{2F226592-0B82-4FD0-983F-EEECAB04D085}.Release|x64.ActiveCfg = Release|x64
		{2F226592-0B82-4FD0-983F-EEECAB04D085}.Release|x64.Build.0 = Release|x64
		{2F226592-0B82-4FD0-983F-EEECAB04D085}.Release|x86.ActiveCfg = Release|x64
		{EB4CB5F1-DEC1-4A96-8A9F-872EBC864BB2}.Debug|x64.ActiveCfg = Debug|x64
		{EB4CB5F1-DEC1-4A96-8A9F-872EBC864BB2}.Debug|x64.Build.0 = Debug|x64
		{EB4CB5F1-DEC1-4A96-8A9F-872EBC864BB2}.Debug|x86.ActiveCfg = Debug|x64
		{EB4CB5F1-DEC1-4A96-8A9F-872EBC864BB2}.Release|x64.ActiveCfg = Release|x64
		{EB4CB5F1-DEC1-4A96-8A9F-872EBC864BB2}.Release|x64.Build.0 = Release|x64
		{EB4CB5F1-DEC1-4A96-8A9F-872EBC864BB2}.Release|x86.ActiveCfg = Release|x64
		{2958E22D-9F1C-4652-AE6A-2699B25D9C1A}.Debug|x64.ActiveCfg = Debug|x64
		{2958E22D-9F1C-4652-AE6A-2699B25D9C1A}.Debug|x64.Build.0 = Debug|x64
		{2958E22D-9F1C-4652-AE6A-2699B25D9C1A}.Debug|x86.ActiveCfg = Debug|x64
		{2958E22D-9F1C-4652-AE6A-2699B25D9C1A}.Release|x64.ActiveCfg = Release|x64
		{2958E22D-9F1C-4652-AE6A-2699B25D9C1A}.Release|x64.Build.0 = Release|x64
		{2958E22D-9F1C-4652-AE6A-2699B25D9C1A}.Release|x86.ActiveCfg = Release|x64
		{C1EDCEAB-D7CA-48E1-A39B-151442367A08}.Debug|x64.ActiveCfg = Debug|x64
		{C1EDCEAB-D7CA-48E1-A39B-151442367A08}.Debug|x64.Build.0 = Debug|x64
		{C1EDCEAB-D7CA-48E1-A39B-151442367A08}.Debug|x86.ActiveCfg = Debug|x64
		{C1EDCEAB-D7CA-48E1-A39B-151442367A08}.Release|x64.ActiveCfg = Release|x64
		{C1EDCEAB-D7CA-48E1-A39B-151442367A08}.Release|x64.Build.0 = Release|x64
		{C1EDCEAB-D7CA-48E1-A39B-151442367A08}.Release|x86.ActiveCfg = Release|x64
	EndGlobalSection
	GlobalSection(SolutionProperties) = preSolution
		HideSolutionNode = FALSE
	EndGlobalSection
	GlobalSection(ExtensibilityGlobals) = postSolution
		SolutionGuid = {5E34F41A-326D-4259-A2C1-709074130C1B}
	EndGlobalSection
EndGlobal
