<?xml version="1.0" ?>
<Project ToolsVersion="4.0" xmlns="http://schemas.microsoft.com/developer/msbuild/2003">
  <ItemGroup>
    <Filter Include="Source Files">
      <UniqueIdentifier>0c67dd4a-3340-4e81-b681-c0677c91971c</UniqueIdentifier>
    </Filter>
    <Filter Include="Public Headers">
      <UniqueIdentifier>ce522e1d-0bdb-4345-b58b-8c59591099dc</UniqueIdentifier>
    </Filter>
  </ItemGroup>
  <ItemGroup>
    <ClInclude Include="$(SolutionDir)Filesystem\src\Pch_Filesystem.h">
      <Filter>Source Files</Filter>
    </ClInclude>
    <ClInclude Include="$(SolutionDir)Filesystem\include\Filesystem\File.h">
      <Filter>Public Headers</Filter>
    </ClInclude>
    <ClInclude Include="$(SolutionDir)Filesystem\include\Filesystem\Filesystem.h">
      <Filter>Public Headers</Filter>
    </ClInclude>
    <ClInclude Include="$(SolutionDir)Filesystem\include\Filesystem\Path.h">
      <Filter>Public Headers</Filter>
    </ClInclude>
  </ItemGroup>
  <ItemGroup>
    <ClCompile Include="$(SolutionDir)Filesystem\src\File.Windows.cpp">
      <Filter>Source Files</Filter>
    </ClCompile>
    <ClCompile Include="$(SolutionDir)Filesystem\src\Filesystem.Windows.cpp">
      <Filter>Source Files</Filter>
    </ClCompile>
    <ClCompile Include="$(SolutionDir)Filesystem\src\Path.cpp">
      <Filter>Source Files</Filter>
    </ClCompile>
    <ClCompile Include="$(SolutionDir)Filesystem\src\Pch_Filesystem.cpp">
      <Filter>Source Files</Filter>
    </ClCompile>
  </ItemGroup>
</Project>
